PODS:
  - 1PasswordExtension (1.2)
  - AFNetworking (2.5.1):
    - AFNetworking/NSURLConnection (= 2.5.1)
    - AFNetworking/NSURLSession (= 2.5.1)
    - AFNetworking/Reachability (= 2.5.1)
    - AFNetworking/Security (= 2.5.1)
    - AFNetworking/Serialization (= 2.5.1)
    - AFNetworking/UIKit (= 2.5.1)
  - AFNetworking/NSURLConnection (2.5.1):
    - AFNetworking/Reachability
    - AFNetworking/Security
    - AFNetworking/Serialization
  - AFNetworking/NSURLSession (2.5.1):
    - AFNetworking/Reachability
    - AFNetworking/Security
    - AFNetworking/Serialization
  - AFNetworking/Reachability (2.5.1)
  - AFNetworking/Security (2.5.1)
  - AFNetworking/Serialization (2.5.1)
  - AFNetworking/UIKit (2.5.1):
    - AFNetworking/NSURLConnection
    - AFNetworking/NSURLSession
  - DACircularProgress (2.2.0)
  - hpple (0.2.0)
  - IDMPhotoBrowser (1.6.1):
    - AFNetworking
    - DACircularProgress
    - pop
  - MBProgressHUD (0.9.1)
  - MWPhotoBrowser (1.4.1):
    - DACircularProgress
    - MBProgressHUD (~> 0.8)
    - PSTCollectionView (~> 1.2)
    - SDWebImage (~> 3.7)
  - pop (1.0.7)
  - PSTCollectionView (1.2.3)
  - SDWebImage (3.7.1):
    - SDWebImage/Core (= 3.7.1)
  - SDWebImage/Core (3.7.1)
  - SloppySwiper (0.3.0)
  - SVProgressHUD (1.1.2)
  - SWRevealViewController (2.3.0)

DEPENDENCIES:
  - 1PasswordExtension
  - AFNetworking (~> 2.5)
  - hpple (~> 0.1)
  - IDMPhotoBrowser
  - MWPhotoBrowser (~> 1.4.1)
  - SloppySwiper
  - SVProgressHUD
  - SWRevealViewController

SPEC CHECKSUMS:
  1PasswordExtension: fcf300204bda5b5c78936dbb937a7d661f1ca796
  AFNetworking: 10e85a00bb0f475124e4ff2677bf15693b2c1523
  DACircularProgress: 0f92b77239d5f3c612fc66185e2998391ac8e054
  hpple: 3b765f96fc2cd56ad1a49aef6f7be5cb2aa64b57
  IDMPhotoBrowser: c8eb210679e1eb882018feae7c2220115571a5aa
  MBProgressHUD: c47f2c166c126cf2ce36498d80f33e754d4e93ad
  MWPhotoBrowser: 2531e682860d62b8a7ba8659de02eb9040e431e5
  pop: 628ffc631644601567ee8bfaaaea493ebd7d0923
  PSTCollectionView: 6749df92885353521f55279a7ce2b293762e2be4
  SDWebImage: ed3095af2ff88b436426037444979b917f6c5575
  SloppySwiper: 7d1e6af56b3f5dd6407d6130c8aec1319c4275da
  SVProgressHUD: 3afb875b9eb23acd1bed9b82495695c68621a8b2
  SWRevealViewController: 6d3fd97f70112fd7cef9de14df4260eacce4c63a

COCOAPODS: 0.36.3
