<?xml version="1.0" encoding="UTF-8"?>
<!DOCTYPE plist PUBLIC "-//Apple//DTD PLIST 1.0//EN" "http://www.apple.com/DTDs/PropertyList-1.0.dtd">
<plist version="1.0">
<dict>
	<key>archiveVersion</key>
	<string>1</string>
	<key>classes</key>
	<dict/>
	<key>objectVersion</key>
	<string>46</string>
	<key>objects</key>
	<dict>
		<key>2C6D53852A9C4A569CF3B58B</key>
		<dict>
			<key>buildActionMask</key>
			<string>2147483647</string>
			<key>files</key>
			<array/>
			<key>inputPaths</key>
			<array/>
			<key>isa</key>
			<string>PBXShellScriptBuildPhase</string>
			<key>name</key>
			<string>Check Pods Manifest.lock</string>
			<key>outputPaths</key>
			<array/>
			<key>runOnlyForDeploymentPostprocessing</key>
			<string>0</string>
			<key>shellPath</key>
			<string>/bin/sh</string>
			<key>shellScript</key>
			<string>diff "${PODS_ROOT}/../Podfile.lock" "${PODS_ROOT}/Manifest.lock" &gt; /dev/null
if [[ $? != 0 ]] ; then
    cat &lt;&lt; EOM
error: The sandbox is not in sync with the Podfile.lock. Run 'pod install' or update your CocoaPods installation.
EOM
    exit 1
fi
</string>
			<key>showEnvVarsInLog</key>
			<string>0</string>
		</dict>
		<key>5A09ED1A19C0ACFF00FE963C</key>
		<dict>
			<key>fileEncoding</key>
			<string>4</string>
			<key>isa</key>
			<string>PBXFileReference</string>
			<key>lastKnownFileType</key>
			<string>sourcecode.c.h</string>
			<key>path</key>
			<string>YIInnerShadowLayer.h</string>
			<key>sourceTree</key>
			<string>&lt;group&gt;</string>
		</dict>
		<key>5A09ED1B19C0ACFF00FE963C</key>
		<dict>
			<key>fileEncoding</key>
			<string>4</string>
			<key>isa</key>
			<string>PBXFileReference</string>
			<key>lastKnownFileType</key>
			<string>sourcecode.c.objc</string>
			<key>path</key>
			<string>YIInnerShadowLayer.m</string>
			<key>sourceTree</key>
			<string>&lt;group&gt;</string>
		</dict>
		<key>5A09ED1C19C0ACFF00FE963C</key>
		<dict>
			<key>fileEncoding</key>
			<string>4</string>
			<key>isa</key>
			<string>PBXFileReference</string>
			<key>lastKnownFileType</key>
			<string>sourcecode.c.h</string>
			<key>path</key>
			<string>YIInnerShadowView.h</string>
			<key>sourceTree</key>
			<string>&lt;group&gt;</string>
		</dict>
		<key>5A09ED1D19C0ACFF00FE963C</key>
		<dict>
			<key>fileEncoding</key>
			<string>4</string>
			<key>isa</key>
			<string>PBXFileReference</string>
			<key>lastKnownFileType</key>
			<string>sourcecode.c.objc</string>
			<key>path</key>
			<string>YIInnerShadowView.m</string>
			<key>sourceTree</key>
			<string>&lt;group&gt;</string>
		</dict>
		<key>5A09ED1E19C0ACFF00FE963C</key>
		<dict>
			<key>fileRef</key>
			<string>5A09ED1B19C0ACFF00FE963C</string>
			<key>isa</key>
			<string>PBXBuildFile</string>
		</dict>
		<key>5A09ED1F19C0ACFF00FE963C</key>
		<dict>
			<key>fileRef</key>
			<string>5A09ED1D19C0ACFF00FE963C</string>
			<key>isa</key>
			<string>PBXBuildFile</string>
		</dict>
		<key>5A09ED2019C0AD5C00FE963C</key>
		<dict>
			<key>fileEncoding</key>
			<string>4</string>
			<key>isa</key>
			<string>PBXFileReference</string>
			<key>lastKnownFileType</key>
			<string>file.xib</string>
			<key>name</key>
			<string>ForumImgCell.xib</string>
			<key>path</key>
			<string>Forum/ForumImgCell.xib</string>
			<key>sourceTree</key>
			<string>&lt;group&gt;</string>
		</dict>
		<key>5A09ED2119C0AD5C00FE963C</key>
		<dict>
			<key>fileRef</key>
			<string>5A09ED2019C0AD5C00FE963C</string>
			<key>isa</key>
			<string>PBXBuildFile</string>
		</dict>
		<key>5A10E4371994B4C200AAB828</key>
		<dict>
			<key>fileEncoding</key>
			<string>4</string>
			<key>isa</key>
			<string>PBXFileReference</string>
			<key>lastKnownFileType</key>
			<string>sourcecode.c.h</string>
			<key>name</key>
			<string>ForumHTTPClient.h</string>
			<key>path</key>
			<string>Forum/ForumHTTPClient.h</string>
			<key>sourceTree</key>
			<string>&lt;group&gt;</string>
		</dict>
		<key>5A10E4381994B4C200AAB828</key>
		<dict>
			<key>fileEncoding</key>
			<string>4</string>
			<key>isa</key>
			<string>PBXFileReference</string>
			<key>lastKnownFileType</key>
			<string>sourcecode.c.objc</string>
			<key>name</key>
			<string>ForumHTTPClient.m</string>
			<key>path</key>
			<string>Forum/ForumHTTPClient.m</string>
			<key>sourceTree</key>
			<string>&lt;group&gt;</string>
		</dict>
		<key>5A10E4391994B4C200AAB828</key>
		<dict>
			<key>fileRef</key>
			<string>5A10E4381994B4C200AAB828</string>
			<key>isa</key>
			<string>PBXBuildFile</string>
		</dict>
		<key>5A1FEFA7199D0E7F007A7D95</key>
		<dict>
			<key>fileEncoding</key>
			<string>4</string>
			<key>isa</key>
			<string>PBXFileReference</string>
			<key>lastKnownFileType</key>
			<string>sourcecode.c.h</string>
			<key>name</key>
			<string>RawResponseSerializer.h</string>
			<key>path</key>
			<string>Forum/RawResponseSerializer.h</string>
			<key>sourceTree</key>
			<string>&lt;group&gt;</string>
		</dict>
		<key>5A1FEFA8199D0E7F007A7D95</key>
		<dict>
			<key>fileEncoding</key>
			<string>4</string>
			<key>isa</key>
			<string>PBXFileReference</string>
			<key>lastKnownFileType</key>
			<string>sourcecode.c.objc</string>
			<key>name</key>
			<string>RawResponseSerializer.m</string>
			<key>path</key>
			<string>Forum/RawResponseSerializer.m</string>
			<key>sourceTree</key>
			<string>&lt;group&gt;</string>
		</dict>
		<key>5A1FEFA9199D0E7F007A7D95</key>
		<dict>
			<key>fileRef</key>
			<string>5A1FEFA8199D0E7F007A7D95</string>
			<key>isa</key>
			<string>PBXBuildFile</string>
		</dict>
		<key>5A28989619ACDE21001D4B41</key>
		<dict>
			<key>fileEncoding</key>
			<string>4</string>
			<key>isa</key>
			<string>PBXFileReference</string>
			<key>lastKnownFileType</key>
			<string>sourcecode.c.h</string>
			<key>name</key>
			<string>NSString+HTML.h</string>
			<key>path</key>
			<string>Forum/NSString+HTML.h</string>
			<key>sourceTree</key>
			<string>&lt;group&gt;</string>
		</dict>
		<key>5A28989719ACDE21001D4B41</key>
		<dict>
			<key>fileEncoding</key>
			<string>4</string>
			<key>isa</key>
			<string>PBXFileReference</string>
			<key>lastKnownFileType</key>
			<string>sourcecode.c.objc</string>
			<key>name</key>
			<string>NSString+HTML.m</string>
			<key>path</key>
			<string>Forum/NSString+HTML.m</string>
			<key>sourceTree</key>
			<string>&lt;group&gt;</string>
		</dict>
		<key>5A28989819ACDE21001D4B41</key>
		<dict>
			<key>fileRef</key>
			<string>5A28989719ACDE21001D4B41</string>
			<key>isa</key>
			<string>PBXBuildFile</string>
		</dict>
		<key>5A34A52B199E4FE500FEAA71</key>
		<dict>
			<key>fileEncoding</key>
			<string>4</string>
			<key>isa</key>
			<string>PBXFileReference</string>
			<key>lastKnownFileType</key>
			<string>sourcecode.c.h</string>
			<key>name</key>
			<string>NSString+MD5.h</string>
			<key>path</key>
			<string>Forum/NSString+MD5.h</string>
			<key>sourceTree</key>
			<string>&lt;group&gt;</string>
		</dict>
		<key>5A34A52C199E4FE500FEAA71</key>
		<dict>
			<key>fileEncoding</key>
			<string>4</string>
			<key>isa</key>
			<string>PBXFileReference</string>
			<key>lastKnownFileType</key>
			<string>sourcecode.c.objc</string>
			<key>name</key>
			<string>NSString+MD5.m</string>
			<key>path</key>
			<string>Forum/NSString+MD5.m</string>
			<key>sourceTree</key>
			<string>&lt;group&gt;</string>
		</dict>
		<key>5A34A52D199E4FE500FEAA71</key>
		<dict>
			<key>fileRef</key>
			<string>5A34A52C199E4FE500FEAA71</string>
			<key>isa</key>
			<string>PBXBuildFile</string>
		</dict>
		<key>5A3B2A8A19B5AE2400BCFBDE</key>
		<dict>
			<key>fileEncoding</key>
			<string>4</string>
			<key>isa</key>
			<string>PBXFileReference</string>
			<key>lastKnownFileType</key>
			<string>sourcecode.c.h</string>
			<key>name</key>
			<string>ForumImgCell.h</string>
			<key>path</key>
			<string>Forum/ForumImgCell.h</string>
			<key>sourceTree</key>
			<string>&lt;group&gt;</string>
		</dict>
		<key>5A3B2A8B19B5AE2400BCFBDE</key>
		<dict>
			<key>fileEncoding</key>
			<string>4</string>
			<key>isa</key>
			<string>PBXFileReference</string>
			<key>lastKnownFileType</key>
			<string>sourcecode.c.objc</string>
			<key>name</key>
			<string>ForumImgCell.m</string>
			<key>path</key>
			<string>Forum/ForumImgCell.m</string>
			<key>sourceTree</key>
			<string>&lt;group&gt;</string>
		</dict>
		<key>5A3B2A8C19B5AE2400BCFBDE</key>
		<dict>
			<key>fileRef</key>
			<string>5A3B2A8B19B5AE2400BCFBDE</string>
			<key>isa</key>
			<string>PBXBuildFile</string>
		</dict>
		<key>5A40752A19B75AFE008BD573</key>
		<dict>
			<key>fileEncoding</key>
			<string>4</string>
			<key>isa</key>
			<string>PBXFileReference</string>
			<key>lastKnownFileType</key>
			<string>sourcecode.c.h</string>
			<key>name</key>
			<string>UIMarginLabel.h</string>
			<key>path</key>
			<string>Forum/UIMarginLabel.h</string>
			<key>sourceTree</key>
			<string>&lt;group&gt;</string>
		</dict>
		<key>5A40752B19B75AFE008BD573</key>
		<dict>
			<key>fileEncoding</key>
			<string>4</string>
			<key>isa</key>
			<string>PBXFileReference</string>
			<key>lastKnownFileType</key>
			<string>sourcecode.c.objc</string>
			<key>name</key>
			<string>UIMarginLabel.m</string>
			<key>path</key>
			<string>Forum/UIMarginLabel.m</string>
			<key>sourceTree</key>
			<string>&lt;group&gt;</string>
		</dict>
		<key>5A40752C19B75AFE008BD573</key>
		<dict>
			<key>fileRef</key>
			<string>5A40752B19B75AFE008BD573</string>
			<key>isa</key>
			<string>PBXBuildFile</string>
		</dict>
		<key>5A6606A919A249400025C619</key>
		<dict>
			<key>isa</key>
			<string>PBXFileReference</string>
			<key>lastKnownFileType</key>
			<string>image.jpeg</string>
			<key>path</key>
			<string>detailPlaceholder@2x.jpg</string>
			<key>sourceTree</key>
			<string>&lt;group&gt;</string>
		</dict>
		<key>5A6606AA19A249400025C619</key>
		<dict>
			<key>isa</key>
			<string>PBXFileReference</string>
			<key>lastKnownFileType</key>
			<string>image.jpeg</string>
			<key>path</key>
			<string>listPlaceholder@2x.jpg</string>
			<key>sourceTree</key>
			<string>&lt;group&gt;</string>
		</dict>
		<key>5A6606AB19A249400025C619</key>
		<dict>
			<key>isa</key>
			<string>PBXFileReference</string>
			<key>lastKnownFileType</key>
			<string>image.jpeg</string>
			<key>path</key>
			<string>listPlaceholder.jpg</string>
			<key>sourceTree</key>
			<string>&lt;group&gt;</string>
		</dict>
		<key>5A6606AC19A249400025C619</key>
		<dict>
			<key>isa</key>
			<string>PBXFileReference</string>
			<key>lastKnownFileType</key>
			<string>image.jpeg</string>
			<key>path</key>
			<string>detailPlaceholder.jpg</string>
			<key>sourceTree</key>
			<string>&lt;group&gt;</string>
		</dict>
		<key>5A6606AD19A249400025C619</key>
		<dict>
			<key>fileRef</key>
			<string>5A6606A919A249400025C619</string>
			<key>isa</key>
			<string>PBXBuildFile</string>
		</dict>
		<key>5A6606AE19A249400025C619</key>
		<dict>
			<key>fileRef</key>
			<string>5A6606AA19A249400025C619</string>
			<key>isa</key>
			<string>PBXBuildFile</string>
		</dict>
		<key>5A6606AF19A249400025C619</key>
		<dict>
			<key>fileRef</key>
			<string>5A6606AB19A249400025C619</string>
			<key>isa</key>
			<string>PBXBuildFile</string>
		</dict>
		<key>5A6606B019A249400025C619</key>
		<dict>
			<key>fileRef</key>
			<string>5A6606AC19A249400025C619</string>
			<key>isa</key>
			<string>PBXBuildFile</string>
		</dict>
		<key>5A6D713D19C14583007F901C</key>
		<dict>
			<key>fileEncoding</key>
			<string>4</string>
			<key>isa</key>
			<string>PBXFileReference</string>
			<key>lastKnownFileType</key>
			<string>sourcecode.c.h</string>
			<key>name</key>
			<string>ForumUserViewController.h</string>
			<key>path</key>
			<string>Forum/ForumUserViewController.h</string>
			<key>sourceTree</key>
			<string>&lt;group&gt;</string>
		</dict>
		<key>5A6D713E19C14583007F901C</key>
		<dict>
			<key>fileEncoding</key>
			<string>4</string>
			<key>isa</key>
			<string>PBXFileReference</string>
			<key>lastKnownFileType</key>
			<string>sourcecode.c.objc</string>
			<key>name</key>
			<string>ForumUserViewController.m</string>
			<key>path</key>
			<string>Forum/ForumUserViewController.m</string>
			<key>sourceTree</key>
			<string>&lt;group&gt;</string>
		</dict>
		<key>5A6D713F19C14583007F901C</key>
		<dict>
			<key>fileEncoding</key>
			<string>4</string>
			<key>isa</key>
			<string>PBXFileReference</string>
			<key>lastKnownFileType</key>
			<string>file.xib</string>
			<key>name</key>
			<string>ForumUserViewController.xib</string>
			<key>path</key>
			<string>Forum/ForumUserViewController.xib</string>
			<key>sourceTree</key>
			<string>&lt;group&gt;</string>
		</dict>
		<key>5A6D714019C14583007F901C</key>
		<dict>
			<key>fileRef</key>
			<string>5A6D713E19C14583007F901C</string>
			<key>isa</key>
			<string>PBXBuildFile</string>
		</dict>
		<key>5A6D714119C14583007F901C</key>
		<dict>
			<key>fileRef</key>
			<string>5A6D713F19C14583007F901C</string>
			<key>isa</key>
			<string>PBXBuildFile</string>
		</dict>
		<key>5A6D714219C14AE9007F901C</key>
		<dict>
			<key>fileEncoding</key>
			<string>4</string>
			<key>isa</key>
			<string>PBXFileReference</string>
			<key>lastKnownFileType</key>
			<string>sourcecode.c.h</string>
			<key>name</key>
			<string>ForumUser.h</string>
			<key>path</key>
			<string>Forum/ForumUser.h</string>
			<key>sourceTree</key>
			<string>&lt;group&gt;</string>
		</dict>
		<key>5A6D714319C14AE9007F901C</key>
		<dict>
			<key>fileEncoding</key>
			<string>4</string>
			<key>isa</key>
			<string>PBXFileReference</string>
			<key>lastKnownFileType</key>
			<string>sourcecode.c.objc</string>
			<key>name</key>
			<string>ForumUser.m</string>
			<key>path</key>
			<string>Forum/ForumUser.m</string>
			<key>sourceTree</key>
			<string>&lt;group&gt;</string>
		</dict>
		<key>5A6D714419C14AE9007F901C</key>
		<dict>
			<key>fileRef</key>
			<string>5A6D714319C14AE9007F901C</string>
			<key>isa</key>
			<string>PBXBuildFile</string>
		</dict>
		<key>5A6D714519C14DE5007F901C</key>
		<dict>
			<key>fileEncoding</key>
			<string>4</string>
			<key>isa</key>
			<string>PBXFileReference</string>
			<key>lastKnownFileType</key>
			<string>sourcecode.c.h</string>
			<key>name</key>
			<string>UserInfoResponseSerializer.h</string>
			<key>path</key>
			<string>Forum/UserInfoResponseSerializer.h</string>
			<key>sourceTree</key>
			<string>&lt;group&gt;</string>
		</dict>
		<key>5A6D714619C14DE5007F901C</key>
		<dict>
			<key>fileEncoding</key>
			<string>4</string>
			<key>isa</key>
			<string>PBXFileReference</string>
			<key>lastKnownFileType</key>
			<string>sourcecode.c.objc</string>
			<key>name</key>
			<string>UserInfoResponseSerializer.m</string>
			<key>path</key>
			<string>Forum/UserInfoResponseSerializer.m</string>
			<key>sourceTree</key>
			<string>&lt;group&gt;</string>
		</dict>
		<key>5A6D714719C14DE5007F901C</key>
		<dict>
			<key>fileRef</key>
			<string>5A6D714619C14DE5007F901C</string>
			<key>isa</key>
			<string>PBXBuildFile</string>
		</dict>
		<key>5A96A4CA199094E700DD3E13</key>
		<dict>
			<key>isa</key>
			<string>PBXFileReference</string>
			<key>lastKnownFileType</key>
			<string>compiled.mach-o.dylib</string>
			<key>name</key>
			<string>libxml2.2.dylib</string>
			<key>path</key>
			<string>usr/lib/libxml2.2.dylib</string>
			<key>sourceTree</key>
			<string>SDKROOT</string>
		</dict>
		<key>5A96A4CB199094E700DD3E13</key>
		<dict>
			<key>fileRef</key>
			<string>5A96A4CA199094E700DD3E13</string>
			<key>isa</key>
			<string>PBXBuildFile</string>
		</dict>
		<key>5AA7CAB7199F89AE00AC2ACF</key>
		<dict>
			<key>isa</key>
			<string>PBXFileReference</string>
			<key>lastKnownFileType</key>
			<string>wrapper.framework</string>
			<key>name</key>
			<string>QuartzCore.framework</string>
			<key>path</key>
			<string>System/Library/Frameworks/QuartzCore.framework</string>
			<key>sourceTree</key>
			<string>SDKROOT</string>
		</dict>
		<key>5AA7CAB8199F89AE00AC2ACF</key>
		<dict>
			<key>fileRef</key>
			<string>5AA7CAB7199F89AE00AC2ACF</string>
			<key>isa</key>
			<string>PBXBuildFile</string>
		</dict>
		<key>5AB2FEAC198A351300796563</key>
		<dict>
			<key>fileEncoding</key>
			<string>4</string>
			<key>isa</key>
			<string>PBXFileReference</string>
			<key>lastKnownFileType</key>
			<string>sourcecode.c.h</string>
			<key>name</key>
			<string>ForumDetailTableViewController.h</string>
			<key>path</key>
			<string>Forum/ForumDetailTableViewController.h</string>
			<key>sourceTree</key>
			<string>&lt;group&gt;</string>
		</dict>
		<key>5AB2FEAD198A351300796563</key>
		<dict>
			<key>fileEncoding</key>
			<string>4</string>
			<key>isa</key>
			<string>PBXFileReference</string>
			<key>lastKnownFileType</key>
			<string>sourcecode.c.objc</string>
			<key>name</key>
			<string>ForumDetailTableViewController.m</string>
			<key>path</key>
			<string>Forum/ForumDetailTableViewController.m</string>
			<key>sourceTree</key>
			<string>&lt;group&gt;</string>
		</dict>
		<key>5AB2FEAF198A351300796563</key>
		<dict>
			<key>fileRef</key>
			<string>5AB2FEAD198A351300796563</string>
			<key>isa</key>
			<string>PBXBuildFile</string>
		</dict>
		<key>5ABEA8A51991F83400C1CB33</key>
		<dict>
			<key>fileEncoding</key>
			<string>4</string>
			<key>isa</key>
			<string>PBXFileReference</string>
			<key>lastKnownFileType</key>
			<string>sourcecode.c.h</string>
			<key>name</key>
			<string>ForumDetailItemCell.h</string>
			<key>path</key>
			<string>Forum/ForumDetailItemCell.h</string>
			<key>sourceTree</key>
			<string>&lt;group&gt;</string>
		</dict>
		<key>5ABEA8A61991F83400C1CB33</key>
		<dict>
			<key>fileEncoding</key>
			<string>4</string>
			<key>isa</key>
			<string>PBXFileReference</string>
			<key>lastKnownFileType</key>
			<string>sourcecode.c.objc</string>
			<key>name</key>
			<string>ForumDetailItemCell.m</string>
			<key>path</key>
			<string>Forum/ForumDetailItemCell.m</string>
			<key>sourceTree</key>
			<string>&lt;group&gt;</string>
		</dict>
		<key>5ABEA8A71991F83400C1CB33</key>
		<dict>
			<key>fileEncoding</key>
			<string>4</string>
			<key>isa</key>
			<string>PBXFileReference</string>
			<key>lastKnownFileType</key>
			<string>file.xib</string>
			<key>name</key>
			<string>ForumDetailItemCell.xib</string>
			<key>path</key>
			<string>Forum/ForumDetailItemCell.xib</string>
			<key>sourceTree</key>
			<string>&lt;group&gt;</string>
		</dict>
		<key>5ABEA8AB1991F83400C1CB33</key>
		<dict>
			<key>fileRef</key>
			<string>5ABEA8A61991F83400C1CB33</string>
			<key>isa</key>
			<string>PBXBuildFile</string>
		</dict>
		<key>5ABEA8AC1991F83400C1CB33</key>
		<dict>
			<key>fileRef</key>
			<string>5ABEA8A71991F83400C1CB33</string>
			<key>isa</key>
			<string>PBXBuildFile</string>
		</dict>
		<key>5ABEA8AF1991F85900C1CB33</key>
		<dict>
			<key>fileEncoding</key>
			<string>4</string>
			<key>isa</key>
			<string>PBXFileReference</string>
			<key>lastKnownFileType</key>
			<string>sourcecode.c.h</string>
			<key>name</key>
			<string>HTMLResponseSerializer.h</string>
			<key>path</key>
			<string>Forum/HTMLResponseSerializer.h</string>
			<key>sourceTree</key>
			<string>&lt;group&gt;</string>
		</dict>
		<key>5ABEA8B01991F85900C1CB33</key>
		<dict>
			<key>fileEncoding</key>
			<string>4</string>
			<key>isa</key>
			<string>PBXFileReference</string>
			<key>lastKnownFileType</key>
			<string>sourcecode.c.objc</string>
			<key>name</key>
			<string>HTMLResponseSerializer.m</string>
			<key>path</key>
			<string>Forum/HTMLResponseSerializer.m</string>
			<key>sourceTree</key>
			<string>&lt;group&gt;</string>
		</dict>
		<key>5ABEA8B11991F85900C1CB33</key>
		<dict>
			<key>fileEncoding</key>
			<string>4</string>
			<key>isa</key>
			<string>PBXFileReference</string>
			<key>lastKnownFileType</key>
			<string>sourcecode.c.h</string>
			<key>name</key>
			<string>PostListResponseSerializer.h</string>
			<key>path</key>
			<string>Forum/PostListResponseSerializer.h</string>
			<key>sourceTree</key>
			<string>&lt;group&gt;</string>
		</dict>
		<key>5ABEA8B21991F85900C1CB33</key>
		<dict>
			<key>fileEncoding</key>
			<string>4</string>
			<key>isa</key>
			<string>PBXFileReference</string>
			<key>lastKnownFileType</key>
			<string>sourcecode.c.objc</string>
			<key>name</key>
			<string>PostListResponseSerializer.m</string>
			<key>path</key>
			<string>Forum/PostListResponseSerializer.m</string>
			<key>sourceTree</key>
			<string>&lt;group&gt;</string>
		</dict>
		<key>5ABEA8B31991F85900C1CB33</key>
		<dict>
			<key>fileRef</key>
			<string>5ABEA8B01991F85900C1CB33</string>
			<key>isa</key>
			<string>PBXBuildFile</string>
		</dict>
		<key>5ABEA8B41991F85900C1CB33</key>
		<dict>
			<key>fileRef</key>
			<string>5ABEA8B21991F85900C1CB33</string>
			<key>isa</key>
			<string>PBXBuildFile</string>
		</dict>
		<key>5ABEA8B51991FB7100C1CB33</key>
		<dict>
			<key>fileEncoding</key>
			<string>4</string>
			<key>isa</key>
			<string>PBXFileReference</string>
			<key>lastKnownFileType</key>
			<string>sourcecode.c.h</string>
			<key>name</key>
			<string>PostDetailResponseSerializer.h</string>
			<key>path</key>
			<string>Forum/PostDetailResponseSerializer.h</string>
			<key>sourceTree</key>
			<string>&lt;group&gt;</string>
		</dict>
		<key>5ABEA8B61991FB7100C1CB33</key>
		<dict>
			<key>fileEncoding</key>
			<string>4</string>
			<key>isa</key>
			<string>PBXFileReference</string>
			<key>lastKnownFileType</key>
			<string>sourcecode.c.objc</string>
			<key>name</key>
			<string>PostDetailResponseSerializer.m</string>
			<key>path</key>
			<string>Forum/PostDetailResponseSerializer.m</string>
			<key>sourceTree</key>
			<string>&lt;group&gt;</string>
		</dict>
		<key>5ABEA8B71991FB7100C1CB33</key>
		<dict>
			<key>fileRef</key>
			<string>5ABEA8B61991FB7100C1CB33</string>
			<key>isa</key>
			<string>PBXBuildFile</string>
		</dict>
		<key>5AC5DCBD198B8682001A8FED</key>
		<dict>
			<key>fileEncoding</key>
			<string>4</string>
			<key>isa</key>
			<string>PBXFileReference</string>
			<key>lastKnownFileType</key>
			<string>sourcecode.c.h</string>
			<key>name</key>
			<string>ForumListItemCell.h</string>
			<key>path</key>
			<string>Forum/ForumListItemCell.h</string>
			<key>sourceTree</key>
			<string>&lt;group&gt;</string>
		</dict>
		<key>5AC5DCBE198B8683001A8FED</key>
		<dict>
			<key>fileEncoding</key>
			<string>4</string>
			<key>isa</key>
			<string>PBXFileReference</string>
			<key>lastKnownFileType</key>
			<string>sourcecode.c.objc</string>
			<key>name</key>
			<string>ForumListItemCell.m</string>
			<key>path</key>
			<string>Forum/ForumListItemCell.m</string>
			<key>sourceTree</key>
			<string>&lt;group&gt;</string>
		</dict>
		<key>5AC5DCBF198B8683001A8FED</key>
		<dict>
			<key>fileRef</key>
			<string>5AC5DCBE198B8683001A8FED</string>
			<key>isa</key>
			<string>PBXBuildFile</string>
		</dict>
		<key>5AC5DCC2198B86AB001A8FED</key>
		<dict>
			<key>fileEncoding</key>
			<string>4</string>
			<key>isa</key>
			<string>PBXFileReference</string>
			<key>lastKnownFileType</key>
			<string>file.xib</string>
			<key>name</key>
			<string>ForumListItemCell.xib</string>
			<key>path</key>
			<string>Forum/ForumListItemCell.xib</string>
			<key>sourceTree</key>
			<string>&lt;group&gt;</string>
		</dict>
		<key>5AC5DCC3198B86AB001A8FED</key>
		<dict>
			<key>fileRef</key>
			<string>5AC5DCC2198B86AB001A8FED</string>
			<key>isa</key>
			<string>PBXBuildFile</string>
		</dict>
		<key>5ACED32519AF0E360074546B</key>
		<dict>
			<key>fileEncoding</key>
			<string>4</string>
			<key>isa</key>
			<string>PBXFileReference</string>
			<key>lastKnownFileType</key>
			<string>sourcecode.c.h</string>
			<key>name</key>
			<string>ForumLoadingCell.h</string>
			<key>path</key>
			<string>Forum/ForumLoadingCell.h</string>
			<key>sourceTree</key>
			<string>&lt;group&gt;</string>
		</dict>
		<key>5ACED32619AF0E360074546B</key>
		<dict>
			<key>fileEncoding</key>
			<string>4</string>
			<key>isa</key>
			<string>PBXFileReference</string>
			<key>lastKnownFileType</key>
			<string>sourcecode.c.objc</string>
			<key>name</key>
			<string>ForumLoadingCell.m</string>
			<key>path</key>
			<string>Forum/ForumLoadingCell.m</string>
			<key>sourceTree</key>
			<string>&lt;group&gt;</string>
		</dict>
		<key>5ACED32719AF0E360074546B</key>
		<dict>
			<key>fileEncoding</key>
			<string>4</string>
			<key>isa</key>
			<string>PBXFileReference</string>
			<key>lastKnownFileType</key>
			<string>file.xib</string>
			<key>name</key>
			<string>ForumLoadingCell.xib</string>
			<key>path</key>
			<string>Forum/ForumLoadingCell.xib</string>
			<key>sourceTree</key>
			<string>&lt;group&gt;</string>
		</dict>
		<key>5ACED32819AF0E360074546B</key>
		<dict>
			<key>fileRef</key>
			<string>5ACED32619AF0E360074546B</string>
			<key>isa</key>
			<string>PBXBuildFile</string>
		</dict>
		<key>5ACED32919AF0E360074546B</key>
		<dict>
			<key>fileRef</key>
			<string>5ACED32719AF0E360074546B</string>
			<key>isa</key>
			<string>PBXBuildFile</string>
		</dict>
		<key>5AD830F0198C758A00903B99</key>
		<dict>
			<key>isa</key>
			<string>PBXFileReference</string>
			<key>lastKnownFileType</key>
			<string>compiled.mach-o.dylib</string>
			<key>name</key>
			<string>libxml2.dylib</string>
			<key>path</key>
			<string>usr/lib/libxml2.dylib</string>
			<key>sourceTree</key>
			<string>SDKROOT</string>
		</dict>
		<key>5AD83117198CEFBD00903B99</key>
		<dict>
			<key>children</key>
			<array>
				<string>5AD83F3619991AA000DEE8D0</string>
				<string>5AD83F3719991AA000DEE8D0</string>
				<string>5AD83F3819991AA000DEE8D0</string>
				<string>5AE682E6199B342D00A10ABC</string>
				<string>5AE682E7199B342D00A10ABC</string>
				<string>5AE682E8199B342D00A10ABC</string>
				<string>5AF34A31198A2EF900DB42C6</string>
				<string>5AF34A32198A2EF900DB42C6</string>
				<string>5AB2FEAC198A351300796563</string>
				<string>5AB2FEAD198A351300796563</string>
				<string>5AE22B4619BABFD000828DF1</string>
				<string>5AE22B4719BABFD000828DF1</string>
				<string>5AE22B4819BABFD000828DF1</string>
				<string>5A6D713D19C14583007F901C</string>
				<string>5A6D713E19C14583007F901C</string>
				<string>5A6D713F19C14583007F901C</string>
			</array>
			<key>isa</key>
			<string>PBXGroup</string>
			<key>name</key>
			<string>Controller</string>
			<key>sourceTree</key>
			<string>&lt;group&gt;</string>
		</dict>
		<key>5AD83118198CEFC300903B99</key>
		<dict>
			<key>children</key>
			<array>
				<string>5A09ED2019C0AD5C00FE963C</string>
				<string>5AC5DCBD198B8682001A8FED</string>
				<string>5AC5DCBE198B8683001A8FED</string>
				<string>5AC5DCC2198B86AB001A8FED</string>
				<string>5ABEA8A51991F83400C1CB33</string>
				<string>5ABEA8A61991F83400C1CB33</string>
				<string>5ABEA8A71991F83400C1CB33</string>
				<string>5ACED32519AF0E360074546B</string>
				<string>5ACED32619AF0E360074546B</string>
				<string>5ACED32719AF0E360074546B</string>
				<string>5A3B2A8A19B5AE2400BCFBDE</string>
				<string>5A3B2A8B19B5AE2400BCFBDE</string>
				<string>5A40752A19B75AFE008BD573</string>
				<string>5A40752B19B75AFE008BD573</string>
				<string>5AE22B4B19BC203C00828DF1</string>
				<string>5AE22B4C19BC203C00828DF1</string>
			</array>
			<key>isa</key>
			<string>PBXGroup</string>
			<key>name</key>
			<string>View</string>
			<key>sourceTree</key>
			<string>&lt;group&gt;</string>
		</dict>
		<key>5AD83119198CF37F00903B99</key>
		<dict>
			<key>children</key>
			<array>
				<string>5AF34A36198A2F3B00DB42C6</string>
				<string>5AF34A37198A2F3B00DB42C6</string>
				<string>5AF34A39198A2F9300DB42C6</string>
				<string>5AF34A3A198A2F9300DB42C6</string>
				<string>5AEE6B1F198B7A92007DCF9B</string>
				<string>5AEE6B20198B7A92007DCF9B</string>
				<string>5AEE6B22198B7AA6007DCF9B</string>
				<string>5AEE6B23198B7AA6007DCF9B</string>
				<string>5A6D714219C14AE9007F901C</string>
				<string>5A6D714319C14AE9007F901C</string>
				<string>5A10E4371994B4C200AAB828</string>
				<string>5A10E4381994B4C200AAB828</string>
				<string>5AE682EE199B4EDC00A10ABC</string>
				<string>5AE682EF199B4EDC00A10ABC</string>
				<string>5A34A52B199E4FE500FEAA71</string>
				<string>5A34A52C199E4FE500FEAA71</string>
				<string>5A28989619ACDE21001D4B41</string>
				<string>5A28989719ACDE21001D4B41</string>
			</array>
			<key>isa</key>
			<string>PBXGroup</string>
			<key>name</key>
			<string>Model</string>
			<key>sourceTree</key>
			<string>&lt;group&gt;</string>
		</dict>
		<key>5AD83F3619991AA000DEE8D0</key>
		<dict>
			<key>fileEncoding</key>
			<string>4</string>
			<key>isa</key>
			<string>PBXFileReference</string>
			<key>lastKnownFileType</key>
			<string>sourcecode.c.h</string>
			<key>name</key>
			<string>ForumLoginViewController.h</string>
			<key>path</key>
			<string>Forum/ForumLoginViewController.h</string>
			<key>sourceTree</key>
			<string>&lt;group&gt;</string>
		</dict>
		<key>5AD83F3719991AA000DEE8D0</key>
		<dict>
			<key>fileEncoding</key>
			<string>4</string>
			<key>isa</key>
			<string>PBXFileReference</string>
			<key>lastKnownFileType</key>
			<string>sourcecode.c.objc</string>
			<key>name</key>
			<string>ForumLoginViewController.m</string>
			<key>path</key>
			<string>Forum/ForumLoginViewController.m</string>
			<key>sourceTree</key>
			<string>&lt;group&gt;</string>
		</dict>
		<key>5AD83F3819991AA000DEE8D0</key>
		<dict>
			<key>fileEncoding</key>
			<string>4</string>
			<key>isa</key>
			<string>PBXFileReference</string>
			<key>lastKnownFileType</key>
			<string>file.xib</string>
			<key>name</key>
			<string>ForumLoginViewController.xib</string>
			<key>path</key>
			<string>Forum/ForumLoginViewController.xib</string>
			<key>sourceTree</key>
			<string>&lt;group&gt;</string>
		</dict>
		<key>5AD83F3919991AA000DEE8D0</key>
		<dict>
			<key>fileRef</key>
			<string>5AD83F3719991AA000DEE8D0</string>
			<key>isa</key>
			<string>PBXBuildFile</string>
		</dict>
		<key>5AD83F3A19991AA000DEE8D0</key>
		<dict>
			<key>fileRef</key>
			<string>5AD83F3819991AA000DEE8D0</string>
			<key>isa</key>
			<string>PBXBuildFile</string>
		</dict>
		<key>5AE22B4619BABFD000828DF1</key>
		<dict>
			<key>fileEncoding</key>
			<string>4</string>
			<key>isa</key>
			<string>PBXFileReference</string>
			<key>lastKnownFileType</key>
			<string>sourcecode.c.h</string>
			<key>name</key>
			<string>ForumInputViewController.h</string>
			<key>path</key>
			<string>Forum/ForumInputViewController.h</string>
			<key>sourceTree</key>
			<string>&lt;group&gt;</string>
		</dict>
		<key>5AE22B4719BABFD000828DF1</key>
		<dict>
			<key>fileEncoding</key>
			<string>4</string>
			<key>isa</key>
			<string>PBXFileReference</string>
			<key>lastKnownFileType</key>
			<string>sourcecode.c.objc</string>
			<key>name</key>
			<string>ForumInputViewController.m</string>
			<key>path</key>
			<string>Forum/ForumInputViewController.m</string>
			<key>sourceTree</key>
			<string>&lt;group&gt;</string>
		</dict>
		<key>5AE22B4819BABFD000828DF1</key>
		<dict>
			<key>fileEncoding</key>
			<string>4</string>
			<key>isa</key>
			<string>PBXFileReference</string>
			<key>lastKnownFileType</key>
			<string>file.xib</string>
			<key>name</key>
			<string>ForumInputViewController.xib</string>
			<key>path</key>
			<string>Forum/ForumInputViewController.xib</string>
			<key>sourceTree</key>
			<string>&lt;group&gt;</string>
		</dict>
		<key>5AE22B4919BABFD000828DF1</key>
		<dict>
			<key>fileRef</key>
			<string>5AE22B4719BABFD000828DF1</string>
			<key>isa</key>
			<string>PBXBuildFile</string>
		</dict>
		<key>5AE22B4A19BABFD000828DF1</key>
		<dict>
			<key>fileRef</key>
			<string>5AE22B4819BABFD000828DF1</string>
			<key>isa</key>
			<string>PBXBuildFile</string>
		</dict>
		<key>5AE22B4B19BC203C00828DF1</key>
		<dict>
			<key>fileEncoding</key>
			<string>4</string>
			<key>isa</key>
			<string>PBXFileReference</string>
			<key>lastKnownFileType</key>
			<string>sourcecode.c.h</string>
			<key>name</key>
			<string>NextTextField.h</string>
			<key>path</key>
			<string>Forum/NextTextField.h</string>
			<key>sourceTree</key>
			<string>&lt;group&gt;</string>
		</dict>
		<key>5AE22B4C19BC203C00828DF1</key>
		<dict>
			<key>fileEncoding</key>
			<string>4</string>
			<key>isa</key>
			<string>PBXFileReference</string>
			<key>lastKnownFileType</key>
			<string>sourcecode.c.objc</string>
			<key>name</key>
			<string>NextTextField.m</string>
			<key>path</key>
			<string>Forum/NextTextField.m</string>
			<key>sourceTree</key>
			<string>&lt;group&gt;</string>
		</dict>
		<key>5AE22B4D19BC203C00828DF1</key>
		<dict>
			<key>fileRef</key>
			<string>5AE22B4C19BC203C00828DF1</string>
			<key>isa</key>
			<string>PBXBuildFile</string>
		</dict>
		<key>5AE22B4E19BCB05300828DF1</key>
		<dict>
			<key>fileEncoding</key>
			<string>4</string>
			<key>isa</key>
			<string>PBXFileReference</string>
			<key>lastKnownFileType</key>
			<string>sourcecode.c.h</string>
			<key>name</key>
			<string>ReplyToReplyResponseSerializer.h</string>
			<key>path</key>
			<string>Forum/ReplyToReplyResponseSerializer.h</string>
			<key>sourceTree</key>
			<string>&lt;group&gt;</string>
		</dict>
		<key>5AE22B4F19BCB05300828DF1</key>
		<dict>
			<key>fileEncoding</key>
			<string>4</string>
			<key>isa</key>
			<string>PBXFileReference</string>
			<key>lastKnownFileType</key>
			<string>sourcecode.c.objc</string>
			<key>name</key>
			<string>ReplyToReplyResponseSerializer.m</string>
			<key>path</key>
			<string>Forum/ReplyToReplyResponseSerializer.m</string>
			<key>sourceTree</key>
			<string>&lt;group&gt;</string>
		</dict>
		<key>5AE22B5019BCB05300828DF1</key>
		<dict>
			<key>fileRef</key>
			<string>5AE22B4F19BCB05300828DF1</string>
			<key>isa</key>
			<string>PBXBuildFile</string>
		</dict>
		<key>5AE682DE199A244400A10ABC</key>
		<dict>
			<key>fileEncoding</key>
			<string>4</string>
			<key>isa</key>
			<string>PBXFileReference</string>
			<key>lastKnownFileType</key>
			<string>sourcecode.c.h</string>
			<key>name</key>
			<string>CodeOneResponseSerializer.h</string>
			<key>path</key>
			<string>Forum/CodeOneResponseSerializer.h</string>
			<key>sourceTree</key>
			<string>&lt;group&gt;</string>
		</dict>
		<key>5AE682DF199A244400A10ABC</key>
		<dict>
			<key>fileEncoding</key>
			<string>4</string>
			<key>isa</key>
			<string>PBXFileReference</string>
			<key>lastKnownFileType</key>
			<string>sourcecode.c.objc</string>
			<key>name</key>
			<string>CodeOneResponseSerializer.m</string>
			<key>path</key>
			<string>Forum/CodeOneResponseSerializer.m</string>
			<key>sourceTree</key>
			<string>&lt;group&gt;</string>
		</dict>
		<key>5AE682E0199A244400A10ABC</key>
		<dict>
			<key>fileRef</key>
			<string>5AE682DF199A244400A10ABC</string>
			<key>isa</key>
			<string>PBXBuildFile</string>
		</dict>
		<key>5AE682E2199A26E700A10ABC</key>
		<dict>
			<key>children</key>
			<array>
				<string>5ABEA8AF1991F85900C1CB33</string>
				<string>5ABEA8B01991F85900C1CB33</string>
				<string>5ABEA8B11991F85900C1CB33</string>
				<string>5ABEA8B21991F85900C1CB33</string>
				<string>5ABEA8B51991FB7100C1CB33</string>
				<string>5ABEA8B61991FB7100C1CB33</string>
				<string>5AE682DE199A244400A10ABC</string>
				<string>5AE682DF199A244400A10ABC</string>
				<string>5AE682E3199A529900A10ABC</string>
				<string>5AE682E4199A529900A10ABC</string>
				<string>5A1FEFA7199D0E7F007A7D95</string>
				<string>5A1FEFA8199D0E7F007A7D95</string>
				<string>5AE22B4E19BCB05300828DF1</string>
				<string>5AE22B4F19BCB05300828DF1</string>
				<string>5A6D714519C14DE5007F901C</string>
				<string>5A6D714619C14DE5007F901C</string>
			</array>
			<key>isa</key>
			<string>PBXGroup</string>
			<key>name</key>
			<string>Serializer</string>
			<key>sourceTree</key>
			<string>&lt;group&gt;</string>
		</dict>
		<key>5AE682E3199A529900A10ABC</key>
		<dict>
			<key>fileEncoding</key>
			<string>4</string>
			<key>isa</key>
			<string>PBXFileReference</string>
			<key>lastKnownFileType</key>
			<string>sourcecode.c.h</string>
			<key>name</key>
			<string>CodeTwoResponseSerializer.h</string>
			<key>path</key>
			<string>Forum/CodeTwoResponseSerializer.h</string>
			<key>sourceTree</key>
			<string>&lt;group&gt;</string>
		</dict>
		<key>5AE682E4199A529900A10ABC</key>
		<dict>
			<key>fileEncoding</key>
			<string>4</string>
			<key>isa</key>
			<string>PBXFileReference</string>
			<key>lastKnownFileType</key>
			<string>sourcecode.c.objc</string>
			<key>name</key>
			<string>CodeTwoResponseSerializer.m</string>
			<key>path</key>
			<string>Forum/CodeTwoResponseSerializer.m</string>
			<key>sourceTree</key>
			<string>&lt;group&gt;</string>
		</dict>
		<key>5AE682E5199A529900A10ABC</key>
		<dict>
			<key>fileRef</key>
			<string>5AE682E4199A529900A10ABC</string>
			<key>isa</key>
			<string>PBXBuildFile</string>
		</dict>
		<key>5AE682E6199B342D00A10ABC</key>
		<dict>
			<key>fileEncoding</key>
			<string>4</string>
			<key>isa</key>
			<string>PBXFileReference</string>
			<key>lastKnownFileType</key>
			<string>sourcecode.c.h</string>
			<key>name</key>
			<string>ForumSectionViewController.h</string>
			<key>path</key>
			<string>Forum/ForumSectionViewController.h</string>
			<key>sourceTree</key>
			<string>&lt;group&gt;</string>
		</dict>
		<key>5AE682E7199B342D00A10ABC</key>
		<dict>
			<key>fileEncoding</key>
			<string>4</string>
			<key>isa</key>
			<string>PBXFileReference</string>
			<key>lastKnownFileType</key>
			<string>sourcecode.c.objc</string>
			<key>name</key>
			<string>ForumSectionViewController.m</string>
			<key>path</key>
			<string>Forum/ForumSectionViewController.m</string>
			<key>sourceTree</key>
			<string>&lt;group&gt;</string>
		</dict>
		<key>5AE682E8199B342D00A10ABC</key>
		<dict>
			<key>fileEncoding</key>
			<string>4</string>
			<key>isa</key>
			<string>PBXFileReference</string>
			<key>lastKnownFileType</key>
			<string>file.xib</string>
			<key>name</key>
			<string>ForumSectionViewController.xib</string>
			<key>path</key>
			<string>Forum/ForumSectionViewController.xib</string>
			<key>sourceTree</key>
			<string>&lt;group&gt;</string>
		</dict>
		<key>5AE682E9199B342D00A10ABC</key>
		<dict>
			<key>fileRef</key>
			<string>5AE682E7199B342D00A10ABC</string>
			<key>isa</key>
			<string>PBXBuildFile</string>
		</dict>
		<key>5AE682EA199B342D00A10ABC</key>
		<dict>
			<key>fileRef</key>
			<string>5AE682E8199B342D00A10ABC</string>
			<key>isa</key>
			<string>PBXBuildFile</string>
		</dict>
		<key>5AE682EE199B4EDC00A10ABC</key>
		<dict>
			<key>fileEncoding</key>
			<string>4</string>
			<key>isa</key>
			<string>PBXFileReference</string>
			<key>lastKnownFileType</key>
			<string>sourcecode.c.h</string>
			<key>name</key>
			<string>ForumInfo.h</string>
			<key>path</key>
			<string>Forum/ForumInfo.h</string>
			<key>sourceTree</key>
			<string>&lt;group&gt;</string>
		</dict>
		<key>5AE682EF199B4EDC00A10ABC</key>
		<dict>
			<key>fileEncoding</key>
			<string>4</string>
			<key>isa</key>
			<string>PBXFileReference</string>
			<key>lastKnownFileType</key>
			<string>sourcecode.c.objc</string>
			<key>name</key>
			<string>ForumInfo.m</string>
			<key>path</key>
			<string>Forum/ForumInfo.m</string>
			<key>sourceTree</key>
			<string>&lt;group&gt;</string>
		</dict>
		<key>5AE682F0199B4EDC00A10ABC</key>
		<dict>
			<key>fileRef</key>
			<string>5AE682EF199B4EDC00A10ABC</string>
			<key>isa</key>
			<string>PBXBuildFile</string>
		</dict>
		<key>5AEE6B1F198B7A92007DCF9B</key>
		<dict>
			<key>fileEncoding</key>
			<string>4</string>
			<key>isa</key>
			<string>PBXFileReference</string>
			<key>lastKnownFileType</key>
			<string>sourcecode.c.h</string>
			<key>name</key>
			<string>ForumDetailItem.h</string>
			<key>path</key>
			<string>Forum/ForumDetailItem.h</string>
			<key>sourceTree</key>
			<string>&lt;group&gt;</string>
		</dict>
		<key>5AEE6B20198B7A92007DCF9B</key>
		<dict>
			<key>fileEncoding</key>
			<string>4</string>
			<key>isa</key>
			<string>PBXFileReference</string>
			<key>lastKnownFileType</key>
			<string>sourcecode.c.objc</string>
			<key>name</key>
			<string>ForumDetailItem.m</string>
			<key>path</key>
			<string>Forum/ForumDetailItem.m</string>
			<key>sourceTree</key>
			<string>&lt;group&gt;</string>
		</dict>
		<key>5AEE6B21198B7A92007DCF9B</key>
		<dict>
			<key>fileRef</key>
			<string>5AEE6B20198B7A92007DCF9B</string>
			<key>isa</key>
			<string>PBXBuildFile</string>
		</dict>
		<key>5AEE6B22198B7AA6007DCF9B</key>
		<dict>
			<key>fileEncoding</key>
			<string>4</string>
			<key>isa</key>
			<string>PBXFileReference</string>
			<key>lastKnownFileType</key>
			<string>sourcecode.c.h</string>
			<key>name</key>
			<string>ForumDetailItemStore.h</string>
			<key>path</key>
			<string>Forum/ForumDetailItemStore.h</string>
			<key>sourceTree</key>
			<string>&lt;group&gt;</string>
		</dict>
		<key>5AEE6B23198B7AA6007DCF9B</key>
		<dict>
			<key>fileEncoding</key>
			<string>4</string>
			<key>isa</key>
			<string>PBXFileReference</string>
			<key>lastKnownFileType</key>
			<string>sourcecode.c.objc</string>
			<key>name</key>
			<string>ForumDetailItemStore.m</string>
			<key>path</key>
			<string>Forum/ForumDetailItemStore.m</string>
			<key>sourceTree</key>
			<string>&lt;group&gt;</string>
		</dict>
		<key>5AEE6B24198B7AA6007DCF9B</key>
		<dict>
			<key>fileRef</key>
			<string>5AEE6B23198B7AA6007DCF9B</string>
			<key>isa</key>
			<string>PBXBuildFile</string>
		</dict>
		<key>5AF349F6198A2EE300DB42C6</key>
		<dict>
			<key>children</key>
			<array>
				<string>5AD83119198CF37F00903B99</string>
				<string>5AD83118198CEFC300903B99</string>
				<string>5AD83117198CEFBD00903B99</string>
				<string>5AE682E2199A26E700A10ABC</string>
				<string>5AF34A08198A2EE300DB42C6</string>
				<string>5AF34A21198A2EE300DB42C6</string>
				<string>5AF34A01198A2EE300DB42C6</string>
				<string>5AF34A00198A2EE300DB42C6</string>
				<string>A0FFD402C645893DA6DCFDF7</string>
			</array>
			<key>isa</key>
			<string>PBXGroup</string>
			<key>sourceTree</key>
			<string>&lt;group&gt;</string>
		</dict>
		<key>5AF349F7198A2EE300DB42C6</key>
		<dict>
			<key>attributes</key>
			<dict>
				<key>LastUpgradeCheck</key>
				<string>0510</string>
				<key>ORGANIZATIONNAME</key>
				<string>___FULLUSERNAME___</string>
				<key>TargetAttributes</key>
				<dict>
					<key>5AF349FE198A2EE300DB42C6</key>
					<dict>
						<key>DevelopmentTeam</key>
						<string>R5M7QB7232</string>
					</dict>
					<key>5AF34A19198A2EE300DB42C6</key>
					<dict>
						<key>TestTargetID</key>
						<string>5AF349FE198A2EE300DB42C6</string>
					</dict>
				</dict>
			</dict>
			<key>buildConfigurationList</key>
			<string>5AF349FA198A2EE300DB42C6</string>
			<key>compatibilityVersion</key>
			<string>Xcode 3.2</string>
			<key>developmentRegion</key>
			<string>English</string>
			<key>hasScannedForEncodings</key>
			<string>0</string>
			<key>isa</key>
			<string>PBXProject</string>
			<key>knownRegions</key>
			<array>
				<string>en</string>
			</array>
			<key>mainGroup</key>
			<string>5AF349F6198A2EE300DB42C6</string>
			<key>productRefGroup</key>
			<string>5AF34A00198A2EE300DB42C6</string>
			<key>projectDirPath</key>
			<string></string>
			<key>projectReferences</key>
			<array/>
			<key>projectRoot</key>
			<string></string>
			<key>targets</key>
			<array>
				<string>5AF349FE198A2EE300DB42C6</string>
				<string>5AF34A19198A2EE300DB42C6</string>
			</array>
		</dict>
		<key>5AF349FA198A2EE300DB42C6</key>
		<dict>
			<key>buildConfigurations</key>
			<array>
				<string>5AF34A29198A2EE300DB42C6</string>
				<string>5AF34A2A198A2EE300DB42C6</string>
			</array>
			<key>defaultConfigurationIsVisible</key>
			<string>0</string>
			<key>defaultConfigurationName</key>
			<string>Release</string>
			<key>isa</key>
			<string>XCConfigurationList</string>
		</dict>
		<key>5AF349FB198A2EE300DB42C6</key>
		<dict>
			<key>buildActionMask</key>
			<string>2147483647</string>
			<key>files</key>
			<array>
				<string>5AB2FEAF198A351300796563</string>
				<string>5AE682F0199B4EDC00A10ABC</string>
				<string>5A6D714719C14DE5007F901C</string>
				<string>5AEE6B24198B7AA6007DCF9B</string>
				<string>5A6D714019C14583007F901C</string>
				<string>5A1FEFA9199D0E7F007A7D95</string>
				<string>5ABEA8B31991F85900C1CB33</string>
				<string>5AE22B4919BABFD000828DF1</string>
				<string>5AE22B4D19BC203C00828DF1</string>
				<string>5ABEA8AB1991F83400C1CB33</string>
				<string>5A34A52D199E4FE500FEAA71</string>
				<string>5AF34A34198A2EF900DB42C6</string>
				<string>5A09ED1E19C0ACFF00FE963C</string>
				<string>5A40752C19B75AFE008BD573</string>
				<string>5AF34A13198A2EE300DB42C6</string>
				<string>5A6D714419C14AE9007F901C</string>
				<string>5A09ED1F19C0ACFF00FE963C</string>
				<string>5AE682E9199B342D00A10ABC</string>
				<string>5AE682E5199A529900A10ABC</string>
				<string>5ABEA8B71991FB7100C1CB33</string>
				<string>5ACED32819AF0E360074546B</string>
				<string>5AEE6B21198B7A92007DCF9B</string>
				<string>5AF34A38198A2F3B00DB42C6</string>
				<string>5A28989819ACDE21001D4B41</string>
				<string>5AF34A0F198A2EE300DB42C6</string>
				<string>5AC5DCBF198B8683001A8FED</string>
				<string>5AE682E0199A244400A10ABC</string>
				<string>5A10E4391994B4C200AAB828</string>
				<string>5ABEA8B41991F85900C1CB33</string>
				<string>5AF34A3B198A2F9300DB42C6</string>
				<string>5AD83F3919991AA000DEE8D0</string>
				<string>5AE22B5019BCB05300828DF1</string>
				<string>5A3B2A8C19B5AE2400BCFBDE</string>
			</array>
			<key>isa</key>
			<string>PBXSourcesBuildPhase</string>
			<key>runOnlyForDeploymentPostprocessing</key>
			<string>0</string>
		</dict>
		<key>5AF349FC198A2EE300DB42C6</key>
		<dict>
			<key>buildActionMask</key>
			<string>2147483647</string>
			<key>files</key>
			<array>
				<string>5AA7CAB8199F89AE00AC2ACF</string>
				<string>5A96A4CB199094E700DD3E13</string>
				<string>5AF34A05198A2EE300DB42C6</string>
				<string>5AF34A07198A2EE300DB42C6</string>
				<string>5AF34A03198A2EE300DB42C6</string>
				<string>B8308B073FB84B21AE3587FE</string>
			</array>
			<key>isa</key>
			<string>PBXFrameworksBuildPhase</string>
			<key>runOnlyForDeploymentPostprocessing</key>
			<string>0</string>
		</dict>
		<key>5AF349FD198A2EE300DB42C6</key>
		<dict>
			<key>buildActionMask</key>
			<string>2147483647</string>
			<key>files</key>
			<array>
				<string>5A6606AF19A249400025C619</string>
				<string>5AF34A0D198A2EE300DB42C6</string>
				<string>5A6606B019A249400025C619</string>
				<string>5AE22B4A19BABFD000828DF1</string>
				<string>5A6606AD19A249400025C619</string>
				<string>5A6D714119C14583007F901C</string>
				<string>5ABEA8AC1991F83400C1CB33</string>
				<string>5AF34A15198A2EE300DB42C6</string>
				<string>5AC5DCC3198B86AB001A8FED</string>
				<string>5AE682EA199B342D00A10ABC</string>
				<string>5A6606AE19A249400025C619</string>
				<string>5ACED32919AF0E360074546B</string>
				<string>5A09ED2119C0AD5C00FE963C</string>
				<string>5AD83F3A19991AA000DEE8D0</string>
			</array>
			<key>isa</key>
			<string>PBXResourcesBuildPhase</string>
			<key>runOnlyForDeploymentPostprocessing</key>
			<string>0</string>
		</dict>
		<key>5AF349FE198A2EE300DB42C6</key>
		<dict>
			<key>buildConfigurationList</key>
			<string>5AF34A2B198A2EE300DB42C6</string>
			<key>buildPhases</key>
			<array>
				<string>2C6D53852A9C4A569CF3B58B</string>
				<string>5AF349FB198A2EE300DB42C6</string>
				<string>5AF349FC198A2EE300DB42C6</string>
				<string>5AF349FD198A2EE300DB42C6</string>
				<string>F385EB7FAE1F43AF84D1469E</string>
			</array>
			<key>buildRules</key>
			<array/>
			<key>dependencies</key>
			<array/>
			<key>isa</key>
			<string>PBXNativeTarget</string>
			<key>name</key>
			<string>&#26497;&#36895;&#31038;&#21306;</string>
			<key>productName</key>
			<string>Forum</string>
			<key>productReference</key>
			<string>5AF349FF198A2EE300DB42C6</string>
			<key>productType</key>
			<string>com.apple.product-type.application</string>
		</dict>
		<key>5AF349FF198A2EE300DB42C6</key>
		<dict>
			<key>explicitFileType</key>
			<string>wrapper.application</string>
			<key>includeInIndex</key>
			<string>0</string>
			<key>isa</key>
			<string>PBXFileReference</string>
			<key>path</key>
			<string>&#26497;&#36895;&#31038;&#21306;.app</string>
			<key>sourceTree</key>
			<string>BUILT_PRODUCTS_DIR</string>
		</dict>
		<key>5AF34A00198A2EE300DB42C6</key>
		<dict>
			<key>children</key>
			<array>
				<string>5AF349FF198A2EE300DB42C6</string>
				<string>5AF34A1A198A2EE300DB42C6</string>
			</array>
			<key>isa</key>
			<string>PBXGroup</string>
			<key>name</key>
			<string>Products</string>
			<key>sourceTree</key>
			<string>&lt;group&gt;</string>
		</dict>
		<key>5AF34A01198A2EE300DB42C6</key>
		<dict>
			<key>children</key>
			<array>
				<string>5AA7CAB7199F89AE00AC2ACF</string>
				<string>5A96A4CA199094E700DD3E13</string>
				<string>5AD830F0198C758A00903B99</string>
				<string>5AF34A02198A2EE300DB42C6</string>
				<string>5AF34A04198A2EE300DB42C6</string>
				<string>5AF34A06198A2EE300DB42C6</string>
				<string>5AF34A1B198A2EE300DB42C6</string>
				<string>6F27438CCAEF4D6B93EE0A6B</string>
			</array>
			<key>isa</key>
			<string>PBXGroup</string>
			<key>name</key>
			<string>Frameworks</string>
			<key>sourceTree</key>
			<string>&lt;group&gt;</string>
		</dict>
		<key>5AF34A02198A2EE300DB42C6</key>
		<dict>
			<key>isa</key>
			<string>PBXFileReference</string>
			<key>lastKnownFileType</key>
			<string>wrapper.framework</string>
			<key>name</key>
			<string>Foundation.framework</string>
			<key>path</key>
			<string>System/Library/Frameworks/Foundation.framework</string>
			<key>sourceTree</key>
			<string>SDKROOT</string>
		</dict>
		<key>5AF34A03198A2EE300DB42C6</key>
		<dict>
			<key>fileRef</key>
			<string>5AF34A02198A2EE300DB42C6</string>
			<key>isa</key>
			<string>PBXBuildFile</string>
		</dict>
		<key>5AF34A04198A2EE300DB42C6</key>
		<dict>
			<key>isa</key>
			<string>PBXFileReference</string>
			<key>lastKnownFileType</key>
			<string>wrapper.framework</string>
			<key>name</key>
			<string>CoreGraphics.framework</string>
			<key>path</key>
			<string>System/Library/Frameworks/CoreGraphics.framework</string>
			<key>sourceTree</key>
			<string>SDKROOT</string>
		</dict>
		<key>5AF34A05198A2EE300DB42C6</key>
		<dict>
			<key>fileRef</key>
			<string>5AF34A04198A2EE300DB42C6</string>
			<key>isa</key>
			<string>PBXBuildFile</string>
		</dict>
		<key>5AF34A06198A2EE300DB42C6</key>
		<dict>
			<key>isa</key>
			<string>PBXFileReference</string>
			<key>lastKnownFileType</key>
			<string>wrapper.framework</string>
			<key>name</key>
			<string>UIKit.framework</string>
			<key>path</key>
			<string>System/Library/Frameworks/UIKit.framework</string>
			<key>sourceTree</key>
			<string>SDKROOT</string>
		</dict>
		<key>5AF34A07198A2EE300DB42C6</key>
		<dict>
			<key>fileRef</key>
			<string>5AF34A06198A2EE300DB42C6</string>
			<key>isa</key>
			<string>PBXBuildFile</string>
		</dict>
		<key>5AF34A08198A2EE300DB42C6</key>
		<dict>
			<key>children</key>
			<array>
				<string>5AF34A11198A2EE300DB42C6</string>
				<string>5AF34A12198A2EE300DB42C6</string>
				<string>5AF34A14198A2EE300DB42C6</string>
				<string>5AF34A09198A2EE300DB42C6</string>
			</array>
			<key>isa</key>
			<string>PBXGroup</string>
			<key>path</key>
			<string>Forum</string>
			<key>sourceTree</key>
			<string>&lt;group&gt;</string>
		</dict>
		<key>5AF34A09198A2EE300DB42C6</key>
		<dict>
			<key>children</key>
			<array>
				<string>5A09ED1A19C0ACFF00FE963C</string>
				<string>5A09ED1B19C0ACFF00FE963C</string>
				<string>5A09ED1C19C0ACFF00FE963C</string>
				<string>5A09ED1D19C0ACFF00FE963C</string>
				<string>5A6606AC19A249400025C619</string>
				<string>5A6606A919A249400025C619</string>
				<string>5A6606AB19A249400025C619</string>
				<string>5A6606AA19A249400025C619</string>
				<string>5AF34A0A198A2EE300DB42C6</string>
				<string>5AF34A0B198A2EE300DB42C6</string>
				<string>5AF34A0E198A2EE300DB42C6</string>
				<string>5AF34A10198A2EE300DB42C6</string>
			</array>
			<key>isa</key>
			<string>PBXGroup</string>
			<key>name</key>
			<string>Supporting Files</string>
			<key>sourceTree</key>
			<string>&lt;group&gt;</string>
		</dict>
		<key>5AF34A0A198A2EE300DB42C6</key>
		<dict>
			<key>isa</key>
			<string>PBXFileReference</string>
			<key>lastKnownFileType</key>
			<string>text.plist.xml</string>
			<key>path</key>
			<string>&#26497;&#36895;&#31038;&#21306;-Info.plist</string>
			<key>sourceTree</key>
			<string>&lt;group&gt;</string>
		</dict>
		<key>5AF34A0B198A2EE300DB42C6</key>
		<dict>
			<key>children</key>
			<array>
				<string>5AF34A0C198A2EE300DB42C6</string>
			</array>
			<key>isa</key>
			<string>PBXVariantGroup</string>
			<key>name</key>
			<string>InfoPlist.strings</string>
			<key>sourceTree</key>
			<string>&lt;group&gt;</string>
		</dict>
		<key>5AF34A0C198A2EE300DB42C6</key>
		<dict>
			<key>isa</key>
			<string>PBXFileReference</string>
			<key>lastKnownFileType</key>
			<string>text.plist.strings</string>
			<key>name</key>
			<string>en</string>
			<key>path</key>
			<string>en.lproj/InfoPlist.strings</string>
			<key>sourceTree</key>
			<string>&lt;group&gt;</string>
		</dict>
		<key>5AF34A0D198A2EE300DB42C6</key>
		<dict>
			<key>fileRef</key>
			<string>5AF34A0B198A2EE300DB42C6</string>
			<key>isa</key>
			<string>PBXBuildFile</string>
		</dict>
		<key>5AF34A0E198A2EE300DB42C6</key>
		<dict>
			<key>isa</key>
			<string>PBXFileReference</string>
			<key>lastKnownFileType</key>
			<string>sourcecode.c.objc</string>
			<key>path</key>
			<string>main.m</string>
			<key>sourceTree</key>
			<string>&lt;group&gt;</string>
		</dict>
		<key>5AF34A0F198A2EE300DB42C6</key>
		<dict>
			<key>fileRef</key>
			<string>5AF34A0E198A2EE300DB42C6</string>
			<key>isa</key>
			<string>PBXBuildFile</string>
		</dict>
		<key>5AF34A10198A2EE300DB42C6</key>
		<dict>
			<key>isa</key>
			<string>PBXFileReference</string>
			<key>lastKnownFileType</key>
			<string>sourcecode.c.h</string>
			<key>path</key>
			<string>&#26497;&#36895;&#31038;&#21306;-Prefix.pch</string>
			<key>sourceTree</key>
			<string>&lt;group&gt;</string>
		</dict>
		<key>5AF34A11198A2EE300DB42C6</key>
		<dict>
			<key>isa</key>
			<string>PBXFileReference</string>
			<key>lastKnownFileType</key>
			<string>sourcecode.c.h</string>
			<key>path</key>
			<string>AppDelegate.h</string>
			<key>sourceTree</key>
			<string>&lt;group&gt;</string>
		</dict>
		<key>5AF34A12198A2EE300DB42C6</key>
		<dict>
			<key>isa</key>
			<string>PBXFileReference</string>
			<key>lastKnownFileType</key>
			<string>sourcecode.c.objc</string>
			<key>path</key>
			<string>AppDelegate.m</string>
			<key>sourceTree</key>
			<string>&lt;group&gt;</string>
		</dict>
		<key>5AF34A13198A2EE300DB42C6</key>
		<dict>
			<key>fileRef</key>
			<string>5AF34A12198A2EE300DB42C6</string>
			<key>isa</key>
			<string>PBXBuildFile</string>
		</dict>
		<key>5AF34A14198A2EE300DB42C6</key>
		<dict>
			<key>isa</key>
			<string>PBXFileReference</string>
			<key>lastKnownFileType</key>
			<string>folder.assetcatalog</string>
			<key>path</key>
			<string>Images.xcassets</string>
			<key>sourceTree</key>
			<string>&lt;group&gt;</string>
		</dict>
		<key>5AF34A15198A2EE300DB42C6</key>
		<dict>
			<key>fileRef</key>
			<string>5AF34A14198A2EE300DB42C6</string>
			<key>isa</key>
			<string>PBXBuildFile</string>
		</dict>
		<key>5AF34A16198A2EE300DB42C6</key>
		<dict>
			<key>buildActionMask</key>
			<string>2147483647</string>
			<key>files</key>
			<array>
				<string>5AF34A28198A2EE300DB42C6</string>
			</array>
			<key>isa</key>
			<string>PBXSourcesBuildPhase</string>
			<key>runOnlyForDeploymentPostprocessing</key>
			<string>0</string>
		</dict>
		<key>5AF34A17198A2EE300DB42C6</key>
		<dict>
			<key>buildActionMask</key>
			<string>2147483647</string>
			<key>files</key>
			<array>
				<string>5AF34A1C198A2EE300DB42C6</string>
				<string>5AF34A1E198A2EE300DB42C6</string>
				<string>5AF34A1D198A2EE300DB42C6</string>
			</array>
			<key>isa</key>
			<string>PBXFrameworksBuildPhase</string>
			<key>runOnlyForDeploymentPostprocessing</key>
			<string>0</string>
		</dict>
		<key>5AF34A18198A2EE300DB42C6</key>
		<dict>
			<key>buildActionMask</key>
			<string>2147483647</string>
			<key>files</key>
			<array>
				<string>5AF34A26198A2EE300DB42C6</string>
			</array>
			<key>isa</key>
			<string>PBXResourcesBuildPhase</string>
			<key>runOnlyForDeploymentPostprocessing</key>
			<string>0</string>
		</dict>
		<key>5AF34A19198A2EE300DB42C6</key>
		<dict>
			<key>buildConfigurationList</key>
			<string>5AF34A2E198A2EE300DB42C6</string>
			<key>buildPhases</key>
			<array>
				<string>5AF34A16198A2EE300DB42C6</string>
				<string>5AF34A17198A2EE300DB42C6</string>
				<string>5AF34A18198A2EE300DB42C6</string>
			</array>
			<key>buildRules</key>
			<array/>
			<key>dependencies</key>
			<array>
				<string>5AF34A20198A2EE300DB42C6</string>
			</array>
			<key>isa</key>
			<string>PBXNativeTarget</string>
			<key>name</key>
			<string>&#26497;&#36895;&#31038;&#21306;Tests</string>
			<key>productName</key>
			<string>ForumTests</string>
			<key>productReference</key>
			<string>5AF34A1A198A2EE300DB42C6</string>
			<key>productType</key>
			<string>com.apple.product-type.bundle.unit-test</string>
		</dict>
		<key>5AF34A1A198A2EE300DB42C6</key>
		<dict>
			<key>explicitFileType</key>
			<string>wrapper.cfbundle</string>
			<key>includeInIndex</key>
			<string>0</string>
			<key>isa</key>
			<string>PBXFileReference</string>
			<key>path</key>
			<string>&#26497;&#36895;&#31038;&#21306;Tests.xctest</string>
			<key>sourceTree</key>
			<string>BUILT_PRODUCTS_DIR</string>
		</dict>
		<key>5AF34A1B198A2EE300DB42C6</key>
		<dict>
			<key>isa</key>
			<string>PBXFileReference</string>
			<key>lastKnownFileType</key>
			<string>wrapper.framework</string>
			<key>name</key>
			<string>XCTest.framework</string>
			<key>path</key>
			<string>Library/Frameworks/XCTest.framework</string>
			<key>sourceTree</key>
			<string>DEVELOPER_DIR</string>
		</dict>
		<key>5AF34A1C198A2EE300DB42C6</key>
		<dict>
			<key>fileRef</key>
			<string>5AF34A1B198A2EE300DB42C6</string>
			<key>isa</key>
			<string>PBXBuildFile</string>
		</dict>
		<key>5AF34A1D198A2EE300DB42C6</key>
		<dict>
			<key>fileRef</key>
			<string>5AF34A02198A2EE300DB42C6</string>
			<key>isa</key>
			<string>PBXBuildFile</string>
		</dict>
		<key>5AF34A1E198A2EE300DB42C6</key>
		<dict>
			<key>fileRef</key>
			<string>5AF34A06198A2EE300DB42C6</string>
			<key>isa</key>
			<string>PBXBuildFile</string>
		</dict>
		<key>5AF34A1F198A2EE300DB42C6</key>
		<dict>
			<key>containerPortal</key>
			<string>5AF349F7198A2EE300DB42C6</string>
			<key>isa</key>
			<string>PBXContainerItemProxy</string>
			<key>proxyType</key>
			<string>1</string>
			<key>remoteGlobalIDString</key>
			<string>5AF349FE198A2EE300DB42C6</string>
			<key>remoteInfo</key>
			<string>Forum</string>
		</dict>
		<key>5AF34A20198A2EE300DB42C6</key>
		<dict>
			<key>isa</key>
			<string>PBXTargetDependency</string>
			<key>target</key>
			<string>5AF349FE198A2EE300DB42C6</string>
			<key>targetProxy</key>
			<string>5AF34A1F198A2EE300DB42C6</string>
		</dict>
		<key>5AF34A21198A2EE300DB42C6</key>
		<dict>
			<key>children</key>
			<array>
				<string>5AF34A27198A2EE300DB42C6</string>
				<string>5AF34A22198A2EE300DB42C6</string>
			</array>
			<key>isa</key>
			<string>PBXGroup</string>
			<key>path</key>
			<string>ForumTests</string>
			<key>sourceTree</key>
			<string>&lt;group&gt;</string>
		</dict>
		<key>5AF34A22198A2EE300DB42C6</key>
		<dict>
			<key>children</key>
			<array>
				<string>5AF34A23198A2EE300DB42C6</string>
				<string>5AF34A24198A2EE300DB42C6</string>
			</array>
			<key>isa</key>
			<string>PBXGroup</string>
			<key>name</key>
			<string>Supporting Files</string>
			<key>sourceTree</key>
			<string>&lt;group&gt;</string>
		</dict>
		<key>5AF34A23198A2EE300DB42C6</key>
		<dict>
			<key>isa</key>
			<string>PBXFileReference</string>
			<key>lastKnownFileType</key>
			<string>text.plist.xml</string>
			<key>path</key>
			<string>&#26497;&#36895;&#31038;&#21306;Tests-Info.plist</string>
			<key>sourceTree</key>
			<string>&lt;group&gt;</string>
		</dict>
		<key>5AF34A24198A2EE300DB42C6</key>
		<dict>
			<key>children</key>
			<array>
				<string>5AF34A25198A2EE300DB42C6</string>
			</array>
			<key>isa</key>
			<string>PBXVariantGroup</string>
			<key>name</key>
			<string>InfoPlist.strings</string>
			<key>sourceTree</key>
			<string>&lt;group&gt;</string>
		</dict>
		<key>5AF34A25198A2EE300DB42C6</key>
		<dict>
			<key>isa</key>
			<string>PBXFileReference</string>
			<key>lastKnownFileType</key>
			<string>text.plist.strings</string>
			<key>name</key>
			<string>en</string>
			<key>path</key>
			<string>en.lproj/InfoPlist.strings</string>
			<key>sourceTree</key>
			<string>&lt;group&gt;</string>
		</dict>
		<key>5AF34A26198A2EE300DB42C6</key>
		<dict>
			<key>fileRef</key>
			<string>5AF34A24198A2EE300DB42C6</string>
			<key>isa</key>
			<string>PBXBuildFile</string>
		</dict>
		<key>5AF34A27198A2EE300DB42C6</key>
		<dict>
			<key>isa</key>
			<string>PBXFileReference</string>
			<key>lastKnownFileType</key>
			<string>sourcecode.c.objc</string>
			<key>path</key>
			<string>ForumTests.m</string>
			<key>sourceTree</key>
			<string>&lt;group&gt;</string>
		</dict>
		<key>5AF34A28198A2EE300DB42C6</key>
		<dict>
			<key>fileRef</key>
			<string>5AF34A27198A2EE300DB42C6</string>
			<key>isa</key>
			<string>PBXBuildFile</string>
		</dict>
		<key>5AF34A29198A2EE300DB42C6</key>
		<dict>
			<key>buildSettings</key>
			<dict>
				<key>ALWAYS_SEARCH_USER_PATHS</key>
				<string>NO</string>
				<key>CLANG_CXX_LANGUAGE_STANDARD</key>
				<string>gnu++0x</string>
				<key>CLANG_CXX_LIBRARY</key>
				<string>libc++</string>
				<key>CLANG_ENABLE_MODULES</key>
				<string>YES</string>
				<key>CLANG_ENABLE_OBJC_ARC</key>
				<string>YES</string>
				<key>CLANG_WARN_BOOL_CONVERSION</key>
				<string>YES</string>
				<key>CLANG_WARN_CONSTANT_CONVERSION</key>
				<string>YES</string>
				<key>CLANG_WARN_DIRECT_OBJC_ISA_USAGE</key>
				<string>YES_ERROR</string>
				<key>CLANG_WARN_EMPTY_BODY</key>
				<string>YES</string>
				<key>CLANG_WARN_ENUM_CONVERSION</key>
				<string>YES</string>
				<key>CLANG_WARN_INT_CONVERSION</key>
				<string>YES</string>
				<key>CLANG_WARN_OBJC_ROOT_CLASS</key>
				<string>YES_ERROR</string>
				<key>CLANG_WARN__DUPLICATE_METHOD_MATCH</key>
				<string>YES</string>
				<key>CODE_SIGN_IDENTITY</key>
				<string>iPhone Distribution: Di LIU (R5M7QB7232)</string>
				<key>CODE_SIGN_IDENTITY[sdk=iphoneos*]</key>
				<string>iPhone Developer: WEIFENG HOU (NWMC7A6LUV)</string>
				<key>COPY_PHASE_STRIP</key>
				<string>NO</string>
				<key>GCC_C_LANGUAGE_STANDARD</key>
				<string>gnu99</string>
				<key>GCC_DYNAMIC_NO_PIC</key>
				<string>NO</string>
				<key>GCC_OPTIMIZATION_LEVEL</key>
				<string>0</string>
				<key>GCC_PREPROCESSOR_DEFINITIONS</key>
				<array>
					<string>DEBUG=1</string>
					<string>$(inherited)</string>
				</array>
				<key>GCC_SYMBOLS_PRIVATE_EXTERN</key>
				<string>NO</string>
				<key>GCC_WARN_64_TO_32_BIT_CONVERSION</key>
				<string>YES</string>
				<key>GCC_WARN_ABOUT_RETURN_TYPE</key>
				<string>YES_ERROR</string>
				<key>GCC_WARN_UNDECLARED_SELECTOR</key>
				<string>YES</string>
				<key>GCC_WARN_UNINITIALIZED_AUTOS</key>
				<string>YES_AGGRESSIVE</string>
				<key>GCC_WARN_UNUSED_FUNCTION</key>
				<string>YES</string>
				<key>GCC_WARN_UNUSED_VARIABLE</key>
				<string>YES</string>
				<key>HEADER_SEARCH_PATHS</key>
				<array>
					<string>$(inherited)</string>
					<string>/Applications/Xcode.app/Contents/Developer/Toolchains/XcodeDefault.xctoolchain/usr/include</string>
					<string>$(SDKROOT)/usr/include/libxml2</string>
				</array>
				<key>IPHONEOS_DEPLOYMENT_TARGET</key>
				<string>7.1</string>
				<key>ONLY_ACTIVE_ARCH</key>
				<string>YES</string>
				<key>SDKROOT</key>
				<string>iphoneos</string>
			</dict>
			<key>isa</key>
			<string>XCBuildConfiguration</string>
			<key>name</key>
			<string>Debug</string>
		</dict>
		<key>5AF34A2A198A2EE300DB42C6</key>
		<dict>
			<key>buildSettings</key>
			<dict>
				<key>ALWAYS_SEARCH_USER_PATHS</key>
				<string>NO</string>
				<key>CLANG_CXX_LANGUAGE_STANDARD</key>
				<string>gnu++0x</string>
				<key>CLANG_CXX_LIBRARY</key>
				<string>libc++</string>
				<key>CLANG_ENABLE_MODULES</key>
				<string>YES</string>
				<key>CLANG_ENABLE_OBJC_ARC</key>
				<string>YES</string>
				<key>CLANG_WARN_BOOL_CONVERSION</key>
				<string>YES</string>
				<key>CLANG_WARN_CONSTANT_CONVERSION</key>
				<string>YES</string>
				<key>CLANG_WARN_DIRECT_OBJC_ISA_USAGE</key>
				<string>YES_ERROR</string>
				<key>CLANG_WARN_EMPTY_BODY</key>
				<string>YES</string>
				<key>CLANG_WARN_ENUM_CONVERSION</key>
				<string>YES</string>
				<key>CLANG_WARN_INT_CONVERSION</key>
				<string>YES</string>
				<key>CLANG_WARN_OBJC_ROOT_CLASS</key>
				<string>YES_ERROR</string>
				<key>CLANG_WARN__DUPLICATE_METHOD_MATCH</key>
				<string>YES</string>
				<key>CODE_SIGN_IDENTITY</key>
				<string>iPhone Distribution: Di LIU (R5M7QB7232)</string>
				<key>CODE_SIGN_IDENTITY[sdk=iphoneos*]</key>
				<string>iPhone Developer: WEIFENG HOU (NWMC7A6LUV)</string>
				<key>COPY_PHASE_STRIP</key>
				<string>YES</string>
				<key>ENABLE_NS_ASSERTIONS</key>
				<string>NO</string>
				<key>GCC_C_LANGUAGE_STANDARD</key>
				<string>gnu99</string>
				<key>GCC_WARN_64_TO_32_BIT_CONVERSION</key>
				<string>YES</string>
				<key>GCC_WARN_ABOUT_RETURN_TYPE</key>
				<string>YES_ERROR</string>
				<key>GCC_WARN_UNDECLARED_SELECTOR</key>
				<string>YES</string>
				<key>GCC_WARN_UNINITIALIZED_AUTOS</key>
				<string>YES_AGGRESSIVE</string>
				<key>GCC_WARN_UNUSED_FUNCTION</key>
				<string>YES</string>
				<key>GCC_WARN_UNUSED_VARIABLE</key>
				<string>YES</string>
				<key>HEADER_SEARCH_PATHS</key>
				<array>
					<string>$(inherited)</string>
					<string>/Applications/Xcode.app/Contents/Developer/Toolchains/XcodeDefault.xctoolchain/usr/include</string>
					<string>$(SDKROOT)/usr/include/libxml2</string>
				</array>
				<key>IPHONEOS_DEPLOYMENT_TARGET</key>
				<string>7.1</string>
				<key>SDKROOT</key>
				<string>iphoneos</string>
				<key>VALIDATE_PRODUCT</key>
				<string>YES</string>
			</dict>
			<key>isa</key>
			<string>XCBuildConfiguration</string>
			<key>name</key>
			<string>Release</string>
		</dict>
		<key>5AF34A2B198A2EE300DB42C6</key>
		<dict>
			<key>buildConfigurations</key>
			<array>
				<string>5AF34A2C198A2EE300DB42C6</string>
				<string>5AF34A2D198A2EE300DB42C6</string>
			</array>
			<key>defaultConfigurationIsVisible</key>
			<string>0</string>
			<key>defaultConfigurationName</key>
			<string>Release</string>
			<key>isa</key>
			<string>XCConfigurationList</string>
		</dict>
		<key>5AF34A2C198A2EE300DB42C6</key>
		<dict>
			<key>baseConfigurationReference</key>
			<string>BA905692A4C08B717483C516</string>
			<key>buildSettings</key>
			<dict>
				<key>ASSETCATALOG_COMPILER_APPICON_NAME</key>
				<string>AppIcon</string>
				<key>ASSETCATALOG_COMPILER_LAUNCHIMAGE_NAME</key>
				<string>LaunchImage</string>
				<key>CODE_SIGN_IDENTITY</key>
				<string>iPhone Distribution: Di LIU (R5M7QB7232)</string>
				<key>CODE_SIGN_IDENTITY[sdk=iphoneos*]</key>
				<string>iPhone Developer: Di LIU (6W7JTRDM4R)</string>
				<key>GCC_PRECOMPILE_PREFIX_HEADER</key>
				<string>YES</string>
				<key>GCC_PREFIX_HEADER</key>
				<string>Forum/&#26497;&#36895;&#31038;&#21306;-Prefix.pch</string>
				<key>INFOPLIST_FILE</key>
				<string>Forum/&#26497;&#36895;&#31038;&#21306;-Info.plist</string>
				<key>IPHONEOS_DEPLOYMENT_TARGET</key>
				<string>7.0</string>
				<key>PRODUCT_NAME</key>
				<string>&#26497;&#36895;&#31038;&#21306;</string>
				<key>PROVISIONING_PROFILE</key>
				<string></string>
				<key>WRAPPER_EXTENSION</key>
				<string>app</string>
			</dict>
			<key>isa</key>
			<string>XCBuildConfiguration</string>
			<key>name</key>
			<string>Debug</string>
		</dict>
		<key>5AF34A2D198A2EE300DB42C6</key>
		<dict>
			<key>baseConfigurationReference</key>
			<string>738B503AEB18C23B194E0C49</string>
			<key>buildSettings</key>
			<dict>
				<key>ASSETCATALOG_COMPILER_APPICON_NAME</key>
				<string>AppIcon</string>
				<key>ASSETCATALOG_COMPILER_LAUNCHIMAGE_NAME</key>
				<string>LaunchImage</string>
				<key>CODE_SIGN_IDENTITY</key>
				<string>iPhone Distribution: Di LIU (R5M7QB7232)</string>
				<key>CODE_SIGN_IDENTITY[sdk=iphoneos*]</key>
				<string>iPhone Developer: Di LIU (6W7JTRDM4R)</string>
				<key>GCC_PRECOMPILE_PREFIX_HEADER</key>
				<string>YES</string>
				<key>GCC_PREFIX_HEADER</key>
				<string>Forum/&#26497;&#36895;&#31038;&#21306;-Prefix.pch</string>
				<key>INFOPLIST_FILE</key>
				<string>Forum/&#26497;&#36895;&#31038;&#21306;-Info.plist</string>
				<key>IPHONEOS_DEPLOYMENT_TARGET</key>
				<string>7.0</string>
				<key>PRODUCT_NAME</key>
				<string>&#26497;&#36895;&#31038;&#21306;</string>
				<key>PROVISIONING_PROFILE</key>
				<string></string>
				<key>WRAPPER_EXTENSION</key>
				<string>app</string>
			</dict>
			<key>isa</key>
			<string>XCBuildConfiguration</string>
			<key>name</key>
			<string>Release</string>
		</dict>
		<key>5AF34A2E198A2EE300DB42C6</key>
		<dict>
			<key>buildConfigurations</key>
			<array>
				<string>5AF34A2F198A2EE300DB42C6</string>
				<string>5AF34A30198A2EE300DB42C6</string>
			</array>
			<key>defaultConfigurationIsVisible</key>
			<string>0</string>
			<key>defaultConfigurationName</key>
			<string>Release</string>
			<key>isa</key>
			<string>XCConfigurationList</string>
		</dict>
		<key>5AF34A2F198A2EE300DB42C6</key>
		<dict>
			<key>buildSettings</key>
			<dict>
				<key>BUNDLE_LOADER</key>
				<string>$(BUILT_PRODUCTS_DIR)/Forum.app/Forum</string>
				<key>FRAMEWORK_SEARCH_PATHS</key>
				<array>
					<string>$(SDKROOT)/Developer/Library/Frameworks</string>
					<string>$(inherited)</string>
					<string>$(DEVELOPER_FRAMEWORKS_DIR)</string>
				</array>
				<key>GCC_PRECOMPILE_PREFIX_HEADER</key>
				<string>YES</string>
				<key>GCC_PREFIX_HEADER</key>
				<string>Forum/Forum-Prefix.pch</string>
				<key>GCC_PREPROCESSOR_DEFINITIONS</key>
				<array>
					<string>DEBUG=1</string>
					<string>$(inherited)</string>
				</array>
				<key>INFOPLIST_FILE</key>
				<string>ForumTests/&#26497;&#36895;&#31038;&#21306;Tests-Info.plist</string>
				<key>PRODUCT_NAME</key>
				<string>&#26497;&#36895;&#31038;&#21306;Tests</string>
				<key>TEST_HOST</key>
				<string>$(BUNDLE_LOADER)</string>
				<key>WRAPPER_EXTENSION</key>
				<string>xctest</string>
			</dict>
			<key>isa</key>
			<string>XCBuildConfiguration</string>
			<key>name</key>
			<string>Debug</string>
		</dict>
		<key>5AF34A30198A2EE300DB42C6</key>
		<dict>
			<key>buildSettings</key>
			<dict>
				<key>BUNDLE_LOADER</key>
				<string>$(BUILT_PRODUCTS_DIR)/Forum.app/Forum</string>
				<key>FRAMEWORK_SEARCH_PATHS</key>
				<array>
					<string>$(SDKROOT)/Developer/Library/Frameworks</string>
					<string>$(inherited)</string>
					<string>$(DEVELOPER_FRAMEWORKS_DIR)</string>
				</array>
				<key>GCC_PRECOMPILE_PREFIX_HEADER</key>
				<string>YES</string>
				<key>GCC_PREFIX_HEADER</key>
				<string>Forum/Forum-Prefix.pch</string>
				<key>INFOPLIST_FILE</key>
				<string>ForumTests/&#26497;&#36895;&#31038;&#21306;Tests-Info.plist</string>
				<key>PRODUCT_NAME</key>
				<string>&#26497;&#36895;&#31038;&#21306;Tests</string>
				<key>TEST_HOST</key>
				<string>$(BUNDLE_LOADER)</string>
				<key>WRAPPER_EXTENSION</key>
				<string>xctest</string>
			</dict>
			<key>isa</key>
			<string>XCBuildConfiguration</string>
			<key>name</key>
			<string>Release</string>
		</dict>
		<key>5AF34A31198A2EF900DB42C6</key>
		<dict>
			<key>fileEncoding</key>
			<string>4</string>
			<key>isa</key>
			<string>PBXFileReference</string>
			<key>lastKnownFileType</key>
			<string>sourcecode.c.h</string>
			<key>name</key>
			<string>ForumListTableViewController.h</string>
			<key>path</key>
			<string>Forum/ForumListTableViewController.h</string>
			<key>sourceTree</key>
			<string>&lt;group&gt;</string>
		</dict>
		<key>5AF34A32198A2EF900DB42C6</key>
		<dict>
			<key>fileEncoding</key>
			<string>4</string>
			<key>isa</key>
			<string>PBXFileReference</string>
			<key>lastKnownFileType</key>
			<string>sourcecode.c.objc</string>
			<key>name</key>
			<string>ForumListTableViewController.m</string>
			<key>path</key>
			<string>Forum/ForumListTableViewController.m</string>
			<key>sourceTree</key>
			<string>&lt;group&gt;</string>
		</dict>
		<key>5AF34A34198A2EF900DB42C6</key>
		<dict>
			<key>fileRef</key>
			<string>5AF34A32198A2EF900DB42C6</string>
			<key>isa</key>
			<string>PBXBuildFile</string>
		</dict>
		<key>5AF34A36198A2F3B00DB42C6</key>
		<dict>
			<key>fileEncoding</key>
			<string>4</string>
			<key>isa</key>
			<string>PBXFileReference</string>
			<key>lastKnownFileType</key>
			<string>sourcecode.c.h</string>
			<key>name</key>
			<string>ForumListItem.h</string>
			<key>path</key>
			<string>Forum/ForumListItem.h</string>
			<key>sourceTree</key>
			<string>&lt;group&gt;</string>
		</dict>
		<key>5AF34A37198A2F3B00DB42C6</key>
		<dict>
			<key>fileEncoding</key>
			<string>4</string>
			<key>isa</key>
			<string>PBXFileReference</string>
			<key>lastKnownFileType</key>
			<string>sourcecode.c.objc</string>
			<key>name</key>
			<string>ForumListItem.m</string>
			<key>path</key>
			<string>Forum/ForumListItem.m</string>
			<key>sourceTree</key>
			<string>&lt;group&gt;</string>
		</dict>
		<key>5AF34A38198A2F3B00DB42C6</key>
		<dict>
			<key>fileRef</key>
			<string>5AF34A37198A2F3B00DB42C6</string>
			<key>isa</key>
			<string>PBXBuildFile</string>
		</dict>
		<key>5AF34A39198A2F9300DB42C6</key>
		<dict>
			<key>fileEncoding</key>
			<string>4</string>
			<key>isa</key>
			<string>PBXFileReference</string>
			<key>lastKnownFileType</key>
			<string>sourcecode.c.h</string>
			<key>name</key>
			<string>ForumListItemStore.h</string>
			<key>path</key>
			<string>Forum/ForumListItemStore.h</string>
			<key>sourceTree</key>
			<string>&lt;group&gt;</string>
		</dict>
		<key>5AF34A3A198A2F9300DB42C6</key>
		<dict>
			<key>fileEncoding</key>
			<string>4</string>
			<key>isa</key>
			<string>PBXFileReference</string>
			<key>lastKnownFileType</key>
			<string>sourcecode.c.objc</string>
			<key>name</key>
			<string>ForumListItemStore.m</string>
			<key>path</key>
			<string>Forum/ForumListItemStore.m</string>
			<key>sourceTree</key>
			<string>&lt;group&gt;</string>
		</dict>
		<key>5AF34A3B198A2F9300DB42C6</key>
		<dict>
			<key>fileRef</key>
			<string>5AF34A3A198A2F9300DB42C6</string>
			<key>isa</key>
			<string>PBXBuildFile</string>
		</dict>
		<key>6F27438CCAEF4D6B93EE0A6B</key>
		<dict>
			<key>explicitFileType</key>
			<string>archive.ar</string>
			<key>includeInIndex</key>
			<string>0</string>
			<key>isa</key>
			<string>PBXFileReference</string>
			<key>path</key>
			<string>libPods.a</string>
			<key>sourceTree</key>
			<string>BUILT_PRODUCTS_DIR</string>
		</dict>
		<key>738B503AEB18C23B194E0C49</key>
		<dict>
			<key>includeInIndex</key>
			<string>1</string>
			<key>isa</key>
			<string>PBXFileReference</string>
			<key>lastKnownFileType</key>
			<string>text.xcconfig</string>
			<key>name</key>
			<string>Pods.release.xcconfig</string>
			<key>path</key>
			<string>Pods/Target Support Files/Pods/Pods.release.xcconfig</string>
			<key>sourceTree</key>
			<string>&lt;group&gt;</string>
		</dict>
		<key>A0FFD402C645893DA6DCFDF7</key>
		<dict>
			<key>children</key>
			<array>
				<string>BA905692A4C08B717483C516</string>
				<string>738B503AEB18C23B194E0C49</string>
			</array>
			<key>isa</key>
			<string>PBXGroup</string>
			<key>name</key>
			<string>Pods</string>
			<key>sourceTree</key>
			<string>&lt;group&gt;</string>
		</dict>
		<key>B8308B073FB84B21AE3587FE</key>
		<dict>
			<key>fileRef</key>
			<string>6F27438CCAEF4D6B93EE0A6B</string>
			<key>isa</key>
			<string>PBXBuildFile</string>
		</dict>
		<key>BA905692A4C08B717483C516</key>
		<dict>
			<key>includeInIndex</key>
			<string>1</string>
			<key>isa</key>
			<string>PBXFileReference</string>
			<key>lastKnownFileType</key>
			<string>text.xcconfig</string>
			<key>name</key>
			<string>Pods.debug.xcconfig</string>
			<key>path</key>
			<string>Pods/Target Support Files/Pods/Pods.debug.xcconfig</string>
			<key>sourceTree</key>
			<string>&lt;group&gt;</string>
		</dict>
		<key>F385EB7FAE1F43AF84D1469E</key>
		<dict>
			<key>buildActionMask</key>
			<string>2147483647</string>
			<key>files</key>
			<array/>
			<key>inputPaths</key>
			<array/>
			<key>isa</key>
			<string>PBXShellScriptBuildPhase</string>
			<key>name</key>
			<string>Copy Pods Resources</string>
			<key>outputPaths</key>
			<array/>
			<key>runOnlyForDeploymentPostprocessing</key>
			<string>0</string>
			<key>shellPath</key>
			<string>/bin/sh</string>
			<key>shellScript</key>
			<string>"${SRCROOT}/Pods/Target Support Files/Pods/Pods-resources.sh"
</string>
			<key>showEnvVarsInLog</key>
			<string>0</string>
		</dict>
	</dict>
	<key>rootObject</key>
	<string>5AF349F7198A2EE300DB42C6</string>
</dict>
</plist>
