// !$*UTF8*$!
{
	archiveVersion = 1;
	classes = {
	};
	objectVersion = 46;
	objects = {

/* Begin PBXBuildFile section */
		5A09ED1E19C0ACFF00FE963C /* YIInnerShadowLayer.m in Sources */ = {isa = PBXBuildFile; fileRef = 5A09ED1B19C0ACFF00FE963C /* YIInnerShadowLayer.m */; };
		5A09ED1F19C0ACFF00FE963C /* YIInnerShadowView.m in Sources */ = {isa = PBXBuildFile; fileRef = 5A09ED1D19C0ACFF00FE963C /* YIInnerShadowView.m */; };
		5A09ED2119C0AD5C00FE963C /* ForumImgCell.xib in Resources */ = {isa = PBXBuildFile; fileRef = 5A09ED2019C0AD5C00FE963C /* ForumImgCell.xib */; };
		5A10E4391994B4C200AAB828 /* ForumHTTPClient.m in Sources */ = {isa = PBXBuildFile; fileRef = 5A10E4381994B4C200AAB828 /* ForumHTTPClient.m */; };
		5A1FEFA9199D0E7F007A7D95 /* RawResponseSerializer.m in Sources */ = {isa = PBXBuildFile; fileRef = 5A1FEFA8199D0E7F007A7D95 /* RawResponseSerializer.m */; };
		5A28989819ACDE21001D4B41 /* NSString+HTML.m in Sources */ = {isa = PBXBuildFile; fileRef = 5A28989719ACDE21001D4B41 /* NSString+HTML.m */; };
		5A34A52D199E4FE500FEAA71 /* NSString+MD5.m in Sources */ = {isa = PBXBuildFile; fileRef = 5A34A52C199E4FE500FEAA71 /* NSString+MD5.m */; };
		5A3B2A8C19B5AE2400BCFBDE /* ForumImgCell.m in Sources */ = {isa = PBXBuildFile; fileRef = 5A3B2A8B19B5AE2400BCFBDE /* ForumImgCell.m */; };
		5A40752C19B75AFE008BD573 /* UIMarginLabel.m in Sources */ = {isa = PBXBuildFile; fileRef = 5A40752B19B75AFE008BD573 /* UIMarginLabel.m */; };
		5A6606AD19A249400025C619 /* detailPlaceholder@2x.jpg in Resources */ = {isa = PBXBuildFile; fileRef = 5A6606A919A249400025C619 /* detailPlaceholder@2x.jpg */; };
		5A6606AE19A249400025C619 /* listPlaceholder@2x.jpg in Resources */ = {isa = PBXBuildFile; fileRef = 5A6606AA19A249400025C619 /* listPlaceholder@2x.jpg */; };
		5A6606AF19A249400025C619 /* listPlaceholder.jpg in Resources */ = {isa = PBXBuildFile; fileRef = 5A6606AB19A249400025C619 /* listPlaceholder.jpg */; };
		5A6606B019A249400025C619 /* detailPlaceholder.jpg in Resources */ = {isa = PBXBuildFile; fileRef = 5A6606AC19A249400025C619 /* detailPlaceholder.jpg */; };
		5A6D714019C14583007F901C /* ForumUserViewController.m in Sources */ = {isa = PBXBuildFile; fileRef = 5A6D713E19C14583007F901C /* ForumUserViewController.m */; };
		5A6D714119C14583007F901C /* ForumUserViewController.xib in Resources */ = {isa = PBXBuildFile; fileRef = 5A6D713F19C14583007F901C /* ForumUserViewController.xib */; };
		5A6D714419C14AE9007F901C /* ForumUser.m in Sources */ = {isa = PBXBuildFile; fileRef = 5A6D714319C14AE9007F901C /* ForumUser.m */; };
		5A6D714719C14DE5007F901C /* UserInfoResponseSerializer.m in Sources */ = {isa = PBXBuildFile; fileRef = 5A6D714619C14DE5007F901C /* UserInfoResponseSerializer.m */; };
		5A96A4CB199094E700DD3E13 /* libxml2.2.dylib in Frameworks */ = {isa = PBXBuildFile; fileRef = 5A96A4CA199094E700DD3E13 /* libxml2.2.dylib */; };
		5AA7CAB8199F89AE00AC2ACF /* QuartzCore.framework in Frameworks */ = {isa = PBXBuildFile; fileRef = 5AA7CAB7199F89AE00AC2ACF /* QuartzCore.framework */; };
		5AB2FEAF198A351300796563 /* ForumDetailTableViewController.m in Sources */ = {isa = PBXBuildFile; fileRef = 5AB2FEAD198A351300796563 /* ForumDetailTableViewController.m */; };
		5ABEA8AB1991F83400C1CB33 /* ForumDetailItemCell.m in Sources */ = {isa = PBXBuildFile; fileRef = 5ABEA8A61991F83400C1CB33 /* ForumDetailItemCell.m */; };
		5ABEA8AC1991F83400C1CB33 /* ForumDetailItemCell.xib in Resources */ = {isa = PBXBuildFile; fileRef = 5ABEA8A71991F83400C1CB33 /* ForumDetailItemCell.xib */; };
		5ABEA8B31991F85900C1CB33 /* HTMLResponseSerializer.m in Sources */ = {isa = PBXBuildFile; fileRef = 5ABEA8B01991F85900C1CB33 /* HTMLResponseSerializer.m */; };
		5ABEA8B41991F85900C1CB33 /* PostListResponseSerializer.m in Sources */ = {isa = PBXBuildFile; fileRef = 5ABEA8B21991F85900C1CB33 /* PostListResponseSerializer.m */; };
		5ABEA8B71991FB7100C1CB33 /* PostDetailResponseSerializer.m in Sources */ = {isa = PBXBuildFile; fileRef = 5ABEA8B61991FB7100C1CB33 /* PostDetailResponseSerializer.m */; };
		5AC5DCBF198B8683001A8FED /* ForumListItemCell.m in Sources */ = {isa = PBXBuildFile; fileRef = 5AC5DCBE198B8683001A8FED /* ForumListItemCell.m */; };
		5AC5DCC3198B86AB001A8FED /* ForumListItemCell.xib in Resources */ = {isa = PBXBuildFile; fileRef = 5AC5DCC2198B86AB001A8FED /* ForumListItemCell.xib */; };
		5ACED32819AF0E360074546B /* ForumLoadingCell.m in Sources */ = {isa = PBXBuildFile; fileRef = 5ACED32619AF0E360074546B /* ForumLoadingCell.m */; };
		5ACED32919AF0E360074546B /* ForumLoadingCell.xib in Resources */ = {isa = PBXBuildFile; fileRef = 5ACED32719AF0E360074546B /* ForumLoadingCell.xib */; };
		5AD4F9911A05361E0052AA12 /* 1Password.xcassets in Resources */ = {isa = PBXBuildFile; fileRef = 5AD4F9901A05361E0052AA12 /* 1Password.xcassets */; };
		5AD83F3919991AA000DEE8D0 /* ForumLoginViewController.m in Sources */ = {isa = PBXBuildFile; fileRef = 5AD83F3719991AA000DEE8D0 /* ForumLoginViewController.m */; };
		5AD83F3A19991AA000DEE8D0 /* ForumLoginViewController.xib in Resources */ = {isa = PBXBuildFile; fileRef = 5AD83F3819991AA000DEE8D0 /* ForumLoginViewController.xib */; };
		5AE22B4919BABFD000828DF1 /* ForumInputViewController.m in Sources */ = {isa = PBXBuildFile; fileRef = 5AE22B4719BABFD000828DF1 /* ForumInputViewController.m */; };
		5AE22B4A19BABFD000828DF1 /* ForumInputViewController.xib in Resources */ = {isa = PBXBuildFile; fileRef = 5AE22B4819BABFD000828DF1 /* ForumInputViewController.xib */; };
		5AE22B4D19BC203C00828DF1 /* NextTextField.m in Sources */ = {isa = PBXBuildFile; fileRef = 5AE22B4C19BC203C00828DF1 /* NextTextField.m */; };
		5AE22B5019BCB05300828DF1 /* ReplyToReplyResponseSerializer.m in Sources */ = {isa = PBXBuildFile; fileRef = 5AE22B4F19BCB05300828DF1 /* ReplyToReplyResponseSerializer.m */; };
		5AE682E0199A244400A10ABC /* CodeOneResponseSerializer.m in Sources */ = {isa = PBXBuildFile; fileRef = 5AE682DF199A244400A10ABC /* CodeOneResponseSerializer.m */; };
		5AE682E5199A529900A10ABC /* CodeTwoResponseSerializer.m in Sources */ = {isa = PBXBuildFile; fileRef = 5AE682E4199A529900A10ABC /* CodeTwoResponseSerializer.m */; };
		5AE682E9199B342D00A10ABC /* ForumSectionViewController.m in Sources */ = {isa = PBXBuildFile; fileRef = 5AE682E7199B342D00A10ABC /* ForumSectionViewController.m */; };
		5AE682EA199B342D00A10ABC /* ForumSectionViewController.xib in Resources */ = {isa = PBXBuildFile; fileRef = 5AE682E8199B342D00A10ABC /* ForumSectionViewController.xib */; };
		5AE682F0199B4EDC00A10ABC /* ForumInfo.m in Sources */ = {isa = PBXBuildFile; fileRef = 5AE682EF199B4EDC00A10ABC /* ForumInfo.m */; };
		5AEE6B21198B7A92007DCF9B /* ForumDetailItem.m in Sources */ = {isa = PBXBuildFile; fileRef = 5AEE6B20198B7A92007DCF9B /* ForumDetailItem.m */; };
		5AEE6B24198B7AA6007DCF9B /* ForumDetailItemStore.m in Sources */ = {isa = PBXBuildFile; fileRef = 5AEE6B23198B7AA6007DCF9B /* ForumDetailItemStore.m */; };
		5AF34A03198A2EE300DB42C6 /* Foundation.framework in Frameworks */ = {isa = PBXBuildFile; fileRef = 5AF34A02198A2EE300DB42C6 /* Foundation.framework */; };
		5AF34A05198A2EE300DB42C6 /* CoreGraphics.framework in Frameworks */ = {isa = PBXBuildFile; fileRef = 5AF34A04198A2EE300DB42C6 /* CoreGraphics.framework */; };
		5AF34A07198A2EE300DB42C6 /* UIKit.framework in Frameworks */ = {isa = PBXBuildFile; fileRef = 5AF34A06198A2EE300DB42C6 /* UIKit.framework */; };
		5AF34A0D198A2EE300DB42C6 /* InfoPlist.strings in Resources */ = {isa = PBXBuildFile; fileRef = 5AF34A0B198A2EE300DB42C6 /* InfoPlist.strings */; };
		5AF34A0F198A2EE300DB42C6 /* main.m in Sources */ = {isa = PBXBuildFile; fileRef = 5AF34A0E198A2EE300DB42C6 /* main.m */; };
		5AF34A13198A2EE300DB42C6 /* AppDelegate.m in Sources */ = {isa = PBXBuildFile; fileRef = 5AF34A12198A2EE300DB42C6 /* AppDelegate.m */; };
		5AF34A15198A2EE300DB42C6 /* Images.xcassets in Resources */ = {isa = PBXBuildFile; fileRef = 5AF34A14198A2EE300DB42C6 /* Images.xcassets */; };
		5AF34A1C198A2EE300DB42C6 /* XCTest.framework in Frameworks */ = {isa = PBXBuildFile; fileRef = 5AF34A1B198A2EE300DB42C6 /* XCTest.framework */; };
		5AF34A1D198A2EE300DB42C6 /* Foundation.framework in Frameworks */ = {isa = PBXBuildFile; fileRef = 5AF34A02198A2EE300DB42C6 /* Foundation.framework */; };
		5AF34A1E198A2EE300DB42C6 /* UIKit.framework in Frameworks */ = {isa = PBXBuildFile; fileRef = 5AF34A06198A2EE300DB42C6 /* UIKit.framework */; };
		5AF34A26198A2EE300DB42C6 /* InfoPlist.strings in Resources */ = {isa = PBXBuildFile; fileRef = 5AF34A24198A2EE300DB42C6 /* InfoPlist.strings */; };
		5AF34A28198A2EE300DB42C6 /* ForumTests.m in Sources */ = {isa = PBXBuildFile; fileRef = 5AF34A27198A2EE300DB42C6 /* ForumTests.m */; };
		5AF34A34198A2EF900DB42C6 /* ForumListTableViewController.m in Sources */ = {isa = PBXBuildFile; fileRef = 5AF34A32198A2EF900DB42C6 /* ForumListTableViewController.m */; };
		5AF34A38198A2F3B00DB42C6 /* ForumListItem.m in Sources */ = {isa = PBXBuildFile; fileRef = 5AF34A37198A2F3B00DB42C6 /* ForumListItem.m */; };
		5AF34A3B198A2F9300DB42C6 /* ForumListItemStore.m in Sources */ = {isa = PBXBuildFile; fileRef = 5AF34A3A198A2F9300DB42C6 /* ForumListItemStore.m */; };
		B8308B073FB84B21AE3587FE /* libPods.a in Frameworks */ = {isa = PBXBuildFile; fileRef = 6F27438CCAEF4D6B93EE0A6B /* libPods.a */; };
/* End PBXBuildFile section */

/* Begin PBXContainerItemProxy section */
		5AF34A1F198A2EE300DB42C6 /* PBXContainerItemProxy */ = {
			isa = PBXContainerItemProxy;
			containerPortal = 5AF349F7198A2EE300DB42C6 /* Project object */;
			proxyType = 1;
			remoteGlobalIDString = 5AF349FE198A2EE300DB42C6;
			remoteInfo = Forum;
		};
/* End PBXContainerItemProxy section */

/* Begin PBXFileReference section */
		5A09ED1A19C0ACFF00FE963C /* YIInnerShadowLayer.h */ = {isa = PBXFileReference; fileEncoding = 4; lastKnownFileType = sourcecode.c.h; path = YIInnerShadowLayer.h; sourceTree = "<group>"; };
		5A09ED1B19C0ACFF00FE963C /* YIInnerShadowLayer.m */ = {isa = PBXFileReference; fileEncoding = 4; lastKnownFileType = sourcecode.c.objc; path = YIInnerShadowLayer.m; sourceTree = "<group>"; };
		5A09ED1C19C0ACFF00FE963C /* YIInnerShadowView.h */ = {isa = PBXFileReference; fileEncoding = 4; lastKnownFileType = sourcecode.c.h; path = YIInnerShadowView.h; sourceTree = "<group>"; };
		5A09ED1D19C0ACFF00FE963C /* YIInnerShadowView.m */ = {isa = PBXFileReference; fileEncoding = 4; lastKnownFileType = sourcecode.c.objc; path = YIInnerShadowView.m; sourceTree = "<group>"; };
		5A09ED2019C0AD5C00FE963C /* ForumImgCell.xib */ = {isa = PBXFileReference; fileEncoding = 4; lastKnownFileType = file.xib; name = ForumImgCell.xib; path = Forum/ForumImgCell.xib; sourceTree = "<group>"; };
		5A10E4371994B4C200AAB828 /* ForumHTTPClient.h */ = {isa = PBXFileReference; fileEncoding = 4; lastKnownFileType = sourcecode.c.h; name = ForumHTTPClient.h; path = Forum/ForumHTTPClient.h; sourceTree = "<group>"; };
		5A10E4381994B4C200AAB828 /* ForumHTTPClient.m */ = {isa = PBXFileReference; fileEncoding = 4; lastKnownFileType = sourcecode.c.objc; name = ForumHTTPClient.m; path = Forum/ForumHTTPClient.m; sourceTree = "<group>"; };
		5A1FEFA7199D0E7F007A7D95 /* RawResponseSerializer.h */ = {isa = PBXFileReference; fileEncoding = 4; lastKnownFileType = sourcecode.c.h; name = RawResponseSerializer.h; path = Forum/RawResponseSerializer.h; sourceTree = "<group>"; };
		5A1FEFA8199D0E7F007A7D95 /* RawResponseSerializer.m */ = {isa = PBXFileReference; fileEncoding = 4; lastKnownFileType = sourcecode.c.objc; name = RawResponseSerializer.m; path = Forum/RawResponseSerializer.m; sourceTree = "<group>"; };
		5A28989619ACDE21001D4B41 /* NSString+HTML.h */ = {isa = PBXFileReference; fileEncoding = 4; lastKnownFileType = sourcecode.c.h; name = "NSString+HTML.h"; path = "Forum/NSString+HTML.h"; sourceTree = "<group>"; };
		5A28989719ACDE21001D4B41 /* NSString+HTML.m */ = {isa = PBXFileReference; fileEncoding = 4; lastKnownFileType = sourcecode.c.objc; name = "NSString+HTML.m"; path = "Forum/NSString+HTML.m"; sourceTree = "<group>"; };
		5A34A52B199E4FE500FEAA71 /* NSString+MD5.h */ = {isa = PBXFileReference; fileEncoding = 4; lastKnownFileType = sourcecode.c.h; name = "NSString+MD5.h"; path = "Forum/NSString+MD5.h"; sourceTree = "<group>"; };
		5A34A52C199E4FE500FEAA71 /* NSString+MD5.m */ = {isa = PBXFileReference; fileEncoding = 4; lastKnownFileType = sourcecode.c.objc; name = "NSString+MD5.m"; path = "Forum/NSString+MD5.m"; sourceTree = "<group>"; };
		5A3B2A8A19B5AE2400BCFBDE /* ForumImgCell.h */ = {isa = PBXFileReference; fileEncoding = 4; lastKnownFileType = sourcecode.c.h; name = ForumImgCell.h; path = Forum/ForumImgCell.h; sourceTree = "<group>"; };
		5A3B2A8B19B5AE2400BCFBDE /* ForumImgCell.m */ = {isa = PBXFileReference; fileEncoding = 4; lastKnownFileType = sourcecode.c.objc; name = ForumImgCell.m; path = Forum/ForumImgCell.m; sourceTree = "<group>"; };
		5A40752A19B75AFE008BD573 /* UIMarginLabel.h */ = {isa = PBXFileReference; fileEncoding = 4; lastKnownFileType = sourcecode.c.h; name = UIMarginLabel.h; path = Forum/UIMarginLabel.h; sourceTree = "<group>"; };
		5A40752B19B75AFE008BD573 /* UIMarginLabel.m */ = {isa = PBXFileReference; fileEncoding = 4; lastKnownFileType = sourcecode.c.objc; name = UIMarginLabel.m; path = Forum/UIMarginLabel.m; sourceTree = "<group>"; };
		5A6606A919A249400025C619 /* detailPlaceholder@2x.jpg */ = {isa = PBXFileReference; lastKnownFileType = image.jpeg; path = "detailPlaceholder@2x.jpg"; sourceTree = "<group>"; };
		5A6606AA19A249400025C619 /* listPlaceholder@2x.jpg */ = {isa = PBXFileReference; lastKnownFileType = image.jpeg; path = "listPlaceholder@2x.jpg"; sourceTree = "<group>"; };
		5A6606AB19A249400025C619 /* listPlaceholder.jpg */ = {isa = PBXFileReference; lastKnownFileType = image.jpeg; path = listPlaceholder.jpg; sourceTree = "<group>"; };
		5A6606AC19A249400025C619 /* detailPlaceholder.jpg */ = {isa = PBXFileReference; lastKnownFileType = image.jpeg; path = detailPlaceholder.jpg; sourceTree = "<group>"; };
		5A6D713D19C14583007F901C /* ForumUserViewController.h */ = {isa = PBXFileReference; fileEncoding = 4; lastKnownFileType = sourcecode.c.h; name = ForumUserViewController.h; path = Forum/ForumUserViewController.h; sourceTree = "<group>"; };
		5A6D713E19C14583007F901C /* ForumUserViewController.m */ = {isa = PBXFileReference; fileEncoding = 4; lastKnownFileType = sourcecode.c.objc; name = ForumUserViewController.m; path = Forum/ForumUserViewController.m; sourceTree = "<group>"; };
		5A6D713F19C14583007F901C /* ForumUserViewController.xib */ = {isa = PBXFileReference; fileEncoding = 4; lastKnownFileType = file.xib; name = ForumUserViewController.xib; path = Forum/ForumUserViewController.xib; sourceTree = "<group>"; };
		5A6D714219C14AE9007F901C /* ForumUser.h */ = {isa = PBXFileReference; fileEncoding = 4; lastKnownFileType = sourcecode.c.h; name = ForumUser.h; path = Forum/ForumUser.h; sourceTree = "<group>"; };
		5A6D714319C14AE9007F901C /* ForumUser.m */ = {isa = PBXFileReference; fileEncoding = 4; lastKnownFileType = sourcecode.c.objc; name = ForumUser.m; path = Forum/ForumUser.m; sourceTree = "<group>"; };
		5A6D714519C14DE5007F901C /* UserInfoResponseSerializer.h */ = {isa = PBXFileReference; fileEncoding = 4; lastKnownFileType = sourcecode.c.h; name = UserInfoResponseSerializer.h; path = Forum/UserInfoResponseSerializer.h; sourceTree = "<group>"; };
		5A6D714619C14DE5007F901C /* UserInfoResponseSerializer.m */ = {isa = PBXFileReference; fileEncoding = 4; lastKnownFileType = sourcecode.c.objc; name = UserInfoResponseSerializer.m; path = Forum/UserInfoResponseSerializer.m; sourceTree = "<group>"; };
		5A96A4CA199094E700DD3E13 /* libxml2.2.dylib */ = {isa = PBXFileReference; lastKnownFileType = "compiled.mach-o.dylib"; name = libxml2.2.dylib; path = usr/lib/libxml2.2.dylib; sourceTree = SDKROOT; };
		5AA7CAB7199F89AE00AC2ACF /* QuartzCore.framework */ = {isa = PBXFileReference; lastKnownFileType = wrapper.framework; name = QuartzCore.framework; path = System/Library/Frameworks/QuartzCore.framework; sourceTree = SDKROOT; };
		5AB2FEAC198A351300796563 /* ForumDetailTableViewController.h */ = {isa = PBXFileReference; fileEncoding = 4; lastKnownFileType = sourcecode.c.h; name = ForumDetailTableViewController.h; path = Forum/ForumDetailTableViewController.h; sourceTree = "<group>"; };
		5AB2FEAD198A351300796563 /* ForumDetailTableViewController.m */ = {isa = PBXFileReference; fileEncoding = 4; lastKnownFileType = sourcecode.c.objc; name = ForumDetailTableViewController.m; path = Forum/ForumDetailTableViewController.m; sourceTree = "<group>"; };
		5ABEA8A51991F83400C1CB33 /* ForumDetailItemCell.h */ = {isa = PBXFileReference; fileEncoding = 4; lastKnownFileType = sourcecode.c.h; name = ForumDetailItemCell.h; path = Forum/ForumDetailItemCell.h; sourceTree = "<group>"; };
		5ABEA8A61991F83400C1CB33 /* ForumDetailItemCell.m */ = {isa = PBXFileReference; fileEncoding = 4; lastKnownFileType = sourcecode.c.objc; name = ForumDetailItemCell.m; path = Forum/ForumDetailItemCell.m; sourceTree = "<group>"; };
		5ABEA8A71991F83400C1CB33 /* ForumDetailItemCell.xib */ = {isa = PBXFileReference; fileEncoding = 4; lastKnownFileType = file.xib; name = ForumDetailItemCell.xib; path = Forum/ForumDetailItemCell.xib; sourceTree = "<group>"; };
		5ABEA8AF1991F85900C1CB33 /* HTMLResponseSerializer.h */ = {isa = PBXFileReference; fileEncoding = 4; lastKnownFileType = sourcecode.c.h; name = HTMLResponseSerializer.h; path = Forum/HTMLResponseSerializer.h; sourceTree = "<group>"; };
		5ABEA8B01991F85900C1CB33 /* HTMLResponseSerializer.m */ = {isa = PBXFileReference; fileEncoding = 4; lastKnownFileType = sourcecode.c.objc; name = HTMLResponseSerializer.m; path = Forum/HTMLResponseSerializer.m; sourceTree = "<group>"; };
		5ABEA8B11991F85900C1CB33 /* PostListResponseSerializer.h */ = {isa = PBXFileReference; fileEncoding = 4; lastKnownFileType = sourcecode.c.h; name = PostListResponseSerializer.h; path = Forum/PostListResponseSerializer.h; sourceTree = "<group>"; };
		5ABEA8B21991F85900C1CB33 /* PostListResponseSerializer.m */ = {isa = PBXFileReference; fileEncoding = 4; lastKnownFileType = sourcecode.c.objc; name = PostListResponseSerializer.m; path = Forum/PostListResponseSerializer.m; sourceTree = "<group>"; };
		5ABEA8B51991FB7100C1CB33 /* PostDetailResponseSerializer.h */ = {isa = PBXFileReference; fileEncoding = 4; lastKnownFileType = sourcecode.c.h; name = PostDetailResponseSerializer.h; path = Forum/PostDetailResponseSerializer.h; sourceTree = "<group>"; };
		5ABEA8B61991FB7100C1CB33 /* PostDetailResponseSerializer.m */ = {isa = PBXFileReference; fileEncoding = 4; lastKnownFileType = sourcecode.c.objc; name = PostDetailResponseSerializer.m; path = Forum/PostDetailResponseSerializer.m; sourceTree = "<group>"; };
		5AC5DCBD198B8682001A8FED /* ForumListItemCell.h */ = {isa = PBXFileReference; fileEncoding = 4; lastKnownFileType = sourcecode.c.h; name = ForumListItemCell.h; path = Forum/ForumListItemCell.h; sourceTree = "<group>"; };
		5AC5DCBE198B8683001A8FED /* ForumListItemCell.m */ = {isa = PBXFileReference; fileEncoding = 4; lastKnownFileType = sourcecode.c.objc; name = ForumListItemCell.m; path = Forum/ForumListItemCell.m; sourceTree = "<group>"; };
		5AC5DCC2198B86AB001A8FED /* ForumListItemCell.xib */ = {isa = PBXFileReference; fileEncoding = 4; lastKnownFileType = file.xib; name = ForumListItemCell.xib; path = Forum/ForumListItemCell.xib; sourceTree = "<group>"; };
		5ACED32519AF0E360074546B /* ForumLoadingCell.h */ = {isa = PBXFileReference; fileEncoding = 4; lastKnownFileType = sourcecode.c.h; name = ForumLoadingCell.h; path = Forum/ForumLoadingCell.h; sourceTree = "<group>"; };
		5ACED32619AF0E360074546B /* ForumLoadingCell.m */ = {isa = PBXFileReference; fileEncoding = 4; lastKnownFileType = sourcecode.c.objc; name = ForumLoadingCell.m; path = Forum/ForumLoadingCell.m; sourceTree = "<group>"; };
		5ACED32719AF0E360074546B /* ForumLoadingCell.xib */ = {isa = PBXFileReference; fileEncoding = 4; lastKnownFileType = file.xib; name = ForumLoadingCell.xib; path = Forum/ForumLoadingCell.xib; sourceTree = "<group>"; };
		5AD4F9901A05361E0052AA12 /* 1Password.xcassets */ = {isa = PBXFileReference; lastKnownFileType = folder.assetcatalog; path = 1Password.xcassets; sourceTree = "<group>"; };
		5AD830F0198C758A00903B99 /* libxml2.dylib */ = {isa = PBXFileReference; lastKnownFileType = "compiled.mach-o.dylib"; name = libxml2.dylib; path = usr/lib/libxml2.dylib; sourceTree = SDKROOT; };
		5AD83F3619991AA000DEE8D0 /* ForumLoginViewController.h */ = {isa = PBXFileReference; fileEncoding = 4; lastKnownFileType = sourcecode.c.h; name = ForumLoginViewController.h; path = Forum/ForumLoginViewController.h; sourceTree = "<group>"; };
		5AD83F3719991AA000DEE8D0 /* ForumLoginViewController.m */ = {isa = PBXFileReference; fileEncoding = 4; lastKnownFileType = sourcecode.c.objc; name = ForumLoginViewController.m; path = Forum/ForumLoginViewController.m; sourceTree = "<group>"; };
		5AD83F3819991AA000DEE8D0 /* ForumLoginViewController.xib */ = {isa = PBXFileReference; fileEncoding = 4; lastKnownFileType = file.xib; name = ForumLoginViewController.xib; path = Forum/ForumLoginViewController.xib; sourceTree = "<group>"; };
		5AE22B4619BABFD000828DF1 /* ForumInputViewController.h */ = {isa = PBXFileReference; fileEncoding = 4; lastKnownFileType = sourcecode.c.h; name = ForumInputViewController.h; path = Forum/ForumInputViewController.h; sourceTree = "<group>"; };
		5AE22B4719BABFD000828DF1 /* ForumInputViewController.m */ = {isa = PBXFileReference; fileEncoding = 4; lastKnownFileType = sourcecode.c.objc; name = ForumInputViewController.m; path = Forum/ForumInputViewController.m; sourceTree = "<group>"; };
		5AE22B4819BABFD000828DF1 /* ForumInputViewController.xib */ = {isa = PBXFileReference; fileEncoding = 4; lastKnownFileType = file.xib; name = ForumInputViewController.xib; path = Forum/ForumInputViewController.xib; sourceTree = "<group>"; };
		5AE22B4B19BC203C00828DF1 /* NextTextField.h */ = {isa = PBXFileReference; fileEncoding = 4; lastKnownFileType = sourcecode.c.h; name = NextTextField.h; path = Forum/NextTextField.h; sourceTree = "<group>"; };
		5AE22B4C19BC203C00828DF1 /* NextTextField.m */ = {isa = PBXFileReference; fileEncoding = 4; lastKnownFileType = sourcecode.c.objc; name = NextTextField.m; path = Forum/NextTextField.m; sourceTree = "<group>"; };
		5AE22B4E19BCB05300828DF1 /* ReplyToReplyResponseSerializer.h */ = {isa = PBXFileReference; fileEncoding = 4; lastKnownFileType = sourcecode.c.h; name = ReplyToReplyResponseSerializer.h; path = Forum/ReplyToReplyResponseSerializer.h; sourceTree = "<group>"; };
		5AE22B4F19BCB05300828DF1 /* ReplyToReplyResponseSerializer.m */ = {isa = PBXFileReference; fileEncoding = 4; lastKnownFileType = sourcecode.c.objc; name = ReplyToReplyResponseSerializer.m; path = Forum/ReplyToReplyResponseSerializer.m; sourceTree = "<group>"; };
		5AE682DE199A244400A10ABC /* CodeOneResponseSerializer.h */ = {isa = PBXFileReference; fileEncoding = 4; lastKnownFileType = sourcecode.c.h; name = CodeOneResponseSerializer.h; path = Forum/CodeOneResponseSerializer.h; sourceTree = "<group>"; };
		5AE682DF199A244400A10ABC /* CodeOneResponseSerializer.m */ = {isa = PBXFileReference; fileEncoding = 4; lastKnownFileType = sourcecode.c.objc; name = CodeOneResponseSerializer.m; path = Forum/CodeOneResponseSerializer.m; sourceTree = "<group>"; };
		5AE682E3199A529900A10ABC /* CodeTwoResponseSerializer.h */ = {isa = PBXFileReference; fileEncoding = 4; lastKnownFileType = sourcecode.c.h; name = CodeTwoResponseSerializer.h; path = Forum/CodeTwoResponseSerializer.h; sourceTree = "<group>"; };
		5AE682E4199A529900A10ABC /* CodeTwoResponseSerializer.m */ = {isa = PBXFileReference; fileEncoding = 4; lastKnownFileType = sourcecode.c.objc; name = CodeTwoResponseSerializer.m; path = Forum/CodeTwoResponseSerializer.m; sourceTree = "<group>"; };
		5AE682E6199B342D00A10ABC /* ForumSectionViewController.h */ = {isa = PBXFileReference; fileEncoding = 4; lastKnownFileType = sourcecode.c.h; name = ForumSectionViewController.h; path = Forum/ForumSectionViewController.h; sourceTree = "<group>"; };
		5AE682E7199B342D00A10ABC /* ForumSectionViewController.m */ = {isa = PBXFileReference; fileEncoding = 4; lastKnownFileType = sourcecode.c.objc; name = ForumSectionViewController.m; path = Forum/ForumSectionViewController.m; sourceTree = "<group>"; };
		5AE682E8199B342D00A10ABC /* ForumSectionViewController.xib */ = {isa = PBXFileReference; fileEncoding = 4; lastKnownFileType = file.xib; name = ForumSectionViewController.xib; path = Forum/ForumSectionViewController.xib; sourceTree = "<group>"; };
		5AE682EE199B4EDC00A10ABC /* ForumInfo.h */ = {isa = PBXFileReference; fileEncoding = 4; lastKnownFileType = sourcecode.c.h; name = ForumInfo.h; path = Forum/ForumInfo.h; sourceTree = "<group>"; };
		5AE682EF199B4EDC00A10ABC /* ForumInfo.m */ = {isa = PBXFileReference; fileEncoding = 4; lastKnownFileType = sourcecode.c.objc; name = ForumInfo.m; path = Forum/ForumInfo.m; sourceTree = "<group>"; };
		5AEE6B1F198B7A92007DCF9B /* ForumDetailItem.h */ = {isa = PBXFileReference; fileEncoding = 4; lastKnownFileType = sourcecode.c.h; name = ForumDetailItem.h; path = Forum/ForumDetailItem.h; sourceTree = "<group>"; };
		5AEE6B20198B7A92007DCF9B /* ForumDetailItem.m */ = {isa = PBXFileReference; fileEncoding = 4; lastKnownFileType = sourcecode.c.objc; name = ForumDetailItem.m; path = Forum/ForumDetailItem.m; sourceTree = "<group>"; };
		5AEE6B22198B7AA6007DCF9B /* ForumDetailItemStore.h */ = {isa = PBXFileReference; fileEncoding = 4; lastKnownFileType = sourcecode.c.h; name = ForumDetailItemStore.h; path = Forum/ForumDetailItemStore.h; sourceTree = "<group>"; };
		5AEE6B23198B7AA6007DCF9B /* ForumDetailItemStore.m */ = {isa = PBXFileReference; fileEncoding = 4; lastKnownFileType = sourcecode.c.objc; name = ForumDetailItemStore.m; path = Forum/ForumDetailItemStore.m; sourceTree = "<group>"; };
		5AF349FF198A2EE300DB42C6 /* 极速社区.app */ = {isa = PBXFileReference; explicitFileType = wrapper.application; includeInIndex = 0; path = "极速社区.app"; sourceTree = BUILT_PRODUCTS_DIR; };
		5AF34A02198A2EE300DB42C6 /* Foundation.framework */ = {isa = PBXFileReference; lastKnownFileType = wrapper.framework; name = Foundation.framework; path = System/Library/Frameworks/Foundation.framework; sourceTree = SDKROOT; };
		5AF34A04198A2EE300DB42C6 /* CoreGraphics.framework */ = {isa = PBXFileReference; lastKnownFileType = wrapper.framework; name = CoreGraphics.framework; path = System/Library/Frameworks/CoreGraphics.framework; sourceTree = SDKROOT; };
		5AF34A06198A2EE300DB42C6 /* UIKit.framework */ = {isa = PBXFileReference; lastKnownFileType = wrapper.framework; name = UIKit.framework; path = System/Library/Frameworks/UIKit.framework; sourceTree = SDKROOT; };
		5AF34A0A198A2EE300DB42C6 /* 极速社区-Info.plist */ = {isa = PBXFileReference; lastKnownFileType = text.plist.xml; path = "极速社区-Info.plist"; sourceTree = "<group>"; };
		5AF34A0C198A2EE300DB42C6 /* en */ = {isa = PBXFileReference; lastKnownFileType = text.plist.strings; name = en; path = en.lproj/InfoPlist.strings; sourceTree = "<group>"; };
		5AF34A0E198A2EE300DB42C6 /* main.m */ = {isa = PBXFileReference; lastKnownFileType = sourcecode.c.objc; path = main.m; sourceTree = "<group>"; };
		5AF34A10198A2EE300DB42C6 /* 极速社区-Prefix.pch */ = {isa = PBXFileReference; lastKnownFileType = sourcecode.c.h; path = "极速社区-Prefix.pch"; sourceTree = "<group>"; };
		5AF34A11198A2EE300DB42C6 /* AppDelegate.h */ = {isa = PBXFileReference; lastKnownFileType = sourcecode.c.h; path = AppDelegate.h; sourceTree = "<group>"; };
		5AF34A12198A2EE300DB42C6 /* AppDelegate.m */ = {isa = PBXFileReference; lastKnownFileType = sourcecode.c.objc; path = AppDelegate.m; sourceTree = "<group>"; };
		5AF34A14198A2EE300DB42C6 /* Images.xcassets */ = {isa = PBXFileReference; lastKnownFileType = folder.assetcatalog; path = Images.xcassets; sourceTree = "<group>"; };
		5AF34A1A198A2EE300DB42C6 /* 极速社区Tests.xctest */ = {isa = PBXFileReference; explicitFileType = wrapper.cfbundle; includeInIndex = 0; path = "极速社区Tests.xctest"; sourceTree = BUILT_PRODUCTS_DIR; };
		5AF34A1B198A2EE300DB42C6 /* XCTest.framework */ = {isa = PBXFileReference; lastKnownFileType = wrapper.framework; name = XCTest.framework; path = Library/Frameworks/XCTest.framework; sourceTree = DEVELOPER_DIR; };
		5AF34A23198A2EE300DB42C6 /* 极速社区Tests-Info.plist */ = {isa = PBXFileReference; lastKnownFileType = text.plist.xml; path = "极速社区Tests-Info.plist"; sourceTree = "<group>"; };
		5AF34A25198A2EE300DB42C6 /* en */ = {isa = PBXFileReference; lastKnownFileType = text.plist.strings; name = en; path = en.lproj/InfoPlist.strings; sourceTree = "<group>"; };
		5AF34A27198A2EE300DB42C6 /* ForumTests.m */ = {isa = PBXFileReference; lastKnownFileType = sourcecode.c.objc; path = ForumTests.m; sourceTree = "<group>"; };
		5AF34A31198A2EF900DB42C6 /* ForumListTableViewController.h */ = {isa = PBXFileReference; fileEncoding = 4; lastKnownFileType = sourcecode.c.h; name = ForumListTableViewController.h; path = Forum/ForumListTableViewController.h; sourceTree = "<group>"; };
		5AF34A32198A2EF900DB42C6 /* ForumListTableViewController.m */ = {isa = PBXFileReference; fileEncoding = 4; lastKnownFileType = sourcecode.c.objc; name = ForumListTableViewController.m; path = Forum/ForumListTableViewController.m; sourceTree = "<group>"; };
		5AF34A36198A2F3B00DB42C6 /* ForumListItem.h */ = {isa = PBXFileReference; fileEncoding = 4; lastKnownFileType = sourcecode.c.h; name = ForumListItem.h; path = Forum/ForumListItem.h; sourceTree = "<group>"; };
		5AF34A37198A2F3B00DB42C6 /* ForumListItem.m */ = {isa = PBXFileReference; fileEncoding = 4; lastKnownFileType = sourcecode.c.objc; name = ForumListItem.m; path = Forum/ForumListItem.m; sourceTree = "<group>"; };
		5AF34A39198A2F9300DB42C6 /* ForumListItemStore.h */ = {isa = PBXFileReference; fileEncoding = 4; lastKnownFileType = sourcecode.c.h; name = ForumListItemStore.h; path = Forum/ForumListItemStore.h; sourceTree = "<group>"; };
		5AF34A3A198A2F9300DB42C6 /* ForumListItemStore.m */ = {isa = PBXFileReference; fileEncoding = 4; lastKnownFileType = sourcecode.c.objc; name = ForumListItemStore.m; path = Forum/ForumListItemStore.m; sourceTree = "<group>"; };
		6F27438CCAEF4D6B93EE0A6B /* libPods.a */ = {isa = PBXFileReference; explicitFileType = archive.ar; includeInIndex = 0; path = libPods.a; sourceTree = BUILT_PRODUCTS_DIR; };
		738B503AEB18C23B194E0C49 /* Pods.release.xcconfig */ = {isa = PBXFileReference; includeInIndex = 1; lastKnownFileType = text.xcconfig; name = Pods.release.xcconfig; path = "Pods/Target Support Files/Pods/Pods.release.xcconfig"; sourceTree = "<group>"; };
		BA905692A4C08B717483C516 /* Pods.debug.xcconfig */ = {isa = PBXFileReference; includeInIndex = 1; lastKnownFileType = text.xcconfig; name = Pods.debug.xcconfig; path = "Pods/Target Support Files/Pods/Pods.debug.xcconfig"; sourceTree = "<group>"; };
/* End PBXFileReference section */

/* Begin PBXFrameworksBuildPhase section */
		5AF349FC198A2EE300DB42C6 /* Frameworks */ = {
			isa = PBXFrameworksBuildPhase;
			buildActionMask = 2147483647;
			files = (
				5AA7CAB8199F89AE00AC2ACF /* QuartzCore.framework in Frameworks */,
				5A96A4CB199094E700DD3E13 /* libxml2.2.dylib in Frameworks */,
				5AF34A05198A2EE300DB42C6 /* CoreGraphics.framework in Frameworks */,
				5AF34A07198A2EE300DB42C6 /* UIKit.framework in Frameworks */,
				5AF34A03198A2EE300DB42C6 /* Foundation.framework in Frameworks */,
				B8308B073FB84B21AE3587FE /* libPods.a in Frameworks */,
			);
			runOnlyForDeploymentPostprocessing = 0;
		};
		5AF34A17198A2EE300DB42C6 /* Frameworks */ = {
			isa = PBXFrameworksBuildPhase;
			buildActionMask = 2147483647;
			files = (
				5AF34A1C198A2EE300DB42C6 /* XCTest.framework in Frameworks */,
				5AF34A1E198A2EE300DB42C6 /* UIKit.framework in Frameworks */,
				5AF34A1D198A2EE300DB42C6 /* Foundation.framework in Frameworks */,
			);
			runOnlyForDeploymentPostprocessing = 0;
		};
/* End PBXFrameworksBuildPhase section */

/* Begin PBXGroup section */
		5AD83117198CEFBD00903B99 /* Controller */ = {
			isa = PBXGroup;
			children = (
				5AD83F3619991AA000DEE8D0 /* ForumLoginViewController.h */,
				5AD83F3719991AA000DEE8D0 /* ForumLoginViewController.m */,
				5AD83F3819991AA000DEE8D0 /* ForumLoginViewController.xib */,
				5AE682E6199B342D00A10ABC /* ForumSectionViewController.h */,
				5AE682E7199B342D00A10ABC /* ForumSectionViewController.m */,
				5AE682E8199B342D00A10ABC /* ForumSectionViewController.xib */,
				5AF34A31198A2EF900DB42C6 /* ForumListTableViewController.h */,
				5AF34A32198A2EF900DB42C6 /* ForumListTableViewController.m */,
				5AB2FEAC198A351300796563 /* ForumDetailTableViewController.h */,
				5AB2FEAD198A351300796563 /* ForumDetailTableViewController.m */,
				5AE22B4619BABFD000828DF1 /* ForumInputViewController.h */,
				5AE22B4719BABFD000828DF1 /* ForumInputViewController.m */,
				5AE22B4819BABFD000828DF1 /* ForumInputViewController.xib */,
				5A6D713D19C14583007F901C /* ForumUserViewController.h */,
				5A6D713E19C14583007F901C /* ForumUserViewController.m */,
				5A6D713F19C14583007F901C /* ForumUserViewController.xib */,
			);
			name = Controller;
			sourceTree = "<group>";
		};
		5AD83118198CEFC300903B99 /* View */ = {
			isa = PBXGroup;
			children = (
				5A09ED2019C0AD5C00FE963C /* ForumImgCell.xib */,
				5AC5DCBD198B8682001A8FED /* ForumListItemCell.h */,
				5AC5DCBE198B8683001A8FED /* ForumListItemCell.m */,
				5AC5DCC2198B86AB001A8FED /* ForumListItemCell.xib */,
				5ABEA8A51991F83400C1CB33 /* ForumDetailItemCell.h */,
				5ABEA8A61991F83400C1CB33 /* ForumDetailItemCell.m */,
				5ABEA8A71991F83400C1CB33 /* ForumDetailItemCell.xib */,
				5ACED32519AF0E360074546B /* ForumLoadingCell.h */,
				5ACED32619AF0E360074546B /* ForumLoadingCell.m */,
				5ACED32719AF0E360074546B /* ForumLoadingCell.xib */,
				5A3B2A8A19B5AE2400BCFBDE /* ForumImgCell.h */,
				5A3B2A8B19B5AE2400BCFBDE /* ForumImgCell.m */,
				5A40752A19B75AFE008BD573 /* UIMarginLabel.h */,
				5A40752B19B75AFE008BD573 /* UIMarginLabel.m */,
				5AE22B4B19BC203C00828DF1 /* NextTextField.h */,
				5AE22B4C19BC203C00828DF1 /* NextTextField.m */,
			);
			name = View;
			sourceTree = "<group>";
		};
		5AD83119198CF37F00903B99 /* Model */ = {
			isa = PBXGroup;
			children = (
				5AF34A36198A2F3B00DB42C6 /* ForumListItem.h */,
				5AF34A37198A2F3B00DB42C6 /* ForumListItem.m */,
				5AF34A39198A2F9300DB42C6 /* ForumListItemStore.h */,
				5AF34A3A198A2F9300DB42C6 /* ForumListItemStore.m */,
				5AEE6B1F198B7A92007DCF9B /* ForumDetailItem.h */,
				5AEE6B20198B7A92007DCF9B /* ForumDetailItem.m */,
				5AEE6B22198B7AA6007DCF9B /* ForumDetailItemStore.h */,
				5AEE6B23198B7AA6007DCF9B /* ForumDetailItemStore.m */,
				5A6D714219C14AE9007F901C /* ForumUser.h */,
				5A6D714319C14AE9007F901C /* ForumUser.m */,
				5A10E4371994B4C200AAB828 /* ForumHTTPClient.h */,
				5A10E4381994B4C200AAB828 /* ForumHTTPClient.m */,
				5AE682EE199B4EDC00A10ABC /* ForumInfo.h */,
				5AE682EF199B4EDC00A10ABC /* ForumInfo.m */,
				5A34A52B199E4FE500FEAA71 /* NSString+MD5.h */,
				5A34A52C199E4FE500FEAA71 /* NSString+MD5.m */,
				5A28989619ACDE21001D4B41 /* NSString+HTML.h */,
				5A28989719ACDE21001D4B41 /* NSString+HTML.m */,
			);
			name = Model;
			sourceTree = "<group>";
		};
		5AE682E2199A26E700A10ABC /* Serializer */ = {
			isa = PBXGroup;
			children = (
				5ABEA8AF1991F85900C1CB33 /* HTMLResponseSerializer.h */,
				5ABEA8B01991F85900C1CB33 /* HTMLResponseSerializer.m */,
				5ABEA8B11991F85900C1CB33 /* PostListResponseSerializer.h */,
				5ABEA8B21991F85900C1CB33 /* PostListResponseSerializer.m */,
				5ABEA8B51991FB7100C1CB33 /* PostDetailResponseSerializer.h */,
				5ABEA8B61991FB7100C1CB33 /* PostDetailResponseSerializer.m */,
				5AE682DE199A244400A10ABC /* CodeOneResponseSerializer.h */,
				5AE682DF199A244400A10ABC /* CodeOneResponseSerializer.m */,
				5AE682E3199A529900A10ABC /* CodeTwoResponseSerializer.h */,
				5AE682E4199A529900A10ABC /* CodeTwoResponseSerializer.m */,
				5A1FEFA7199D0E7F007A7D95 /* RawResponseSerializer.h */,
				5A1FEFA8199D0E7F007A7D95 /* RawResponseSerializer.m */,
				5AE22B4E19BCB05300828DF1 /* ReplyToReplyResponseSerializer.h */,
				5AE22B4F19BCB05300828DF1 /* ReplyToReplyResponseSerializer.m */,
				5A6D714519C14DE5007F901C /* UserInfoResponseSerializer.h */,
				5A6D714619C14DE5007F901C /* UserInfoResponseSerializer.m */,
			);
			name = Serializer;
			sourceTree = "<group>";
		};
		5AF349F6198A2EE300DB42C6 = {
			isa = PBXGroup;
			children = (
				5AD83119198CF37F00903B99 /* Model */,
				5AD83118198CEFC300903B99 /* View */,
				5AD83117198CEFBD00903B99 /* Controller */,
				5AE682E2199A26E700A10ABC /* Serializer */,
				5AF34A08198A2EE300DB42C6 /* Forum */,
				5AF34A21198A2EE300DB42C6 /* ForumTests */,
				5AF34A01198A2EE300DB42C6 /* Frameworks */,
				5AF34A00198A2EE300DB42C6 /* Products */,
				A0FFD402C645893DA6DCFDF7 /* Pods */,
			);
			sourceTree = "<group>";
		};
		5AF34A00198A2EE300DB42C6 /* Products */ = {
			isa = PBXGroup;
			children = (
				5AF349FF198A2EE300DB42C6 /* 极速社区.app */,
				5AF34A1A198A2EE300DB42C6 /* 极速社区Tests.xctest */,
			);
			name = Products;
			sourceTree = "<group>";
		};
		5AF34A01198A2EE300DB42C6 /* Frameworks */ = {
			isa = PBXGroup;
			children = (
				5AA7CAB7199F89AE00AC2ACF /* QuartzCore.framework */,
				5A96A4CA199094E700DD3E13 /* libxml2.2.dylib */,
				5AD830F0198C758A00903B99 /* libxml2.dylib */,
				5AF34A02198A2EE300DB42C6 /* Foundation.framework */,
				5AF34A04198A2EE300DB42C6 /* CoreGraphics.framework */,
				5AF34A06198A2EE300DB42C6 /* UIKit.framework */,
				5AF34A1B198A2EE300DB42C6 /* XCTest.framework */,
				6F27438CCAEF4D6B93EE0A6B /* libPods.a */,
			);
			name = Frameworks;
			sourceTree = "<group>";
		};
		5AF34A08198A2EE300DB42C6 /* Forum */ = {
			isa = PBXGroup;
			children = (
				5AF34A11198A2EE300DB42C6 /* AppDelegate.h */,
				5AF34A12198A2EE300DB42C6 /* AppDelegate.m */,
				5AF34A14198A2EE300DB42C6 /* Images.xcassets */,
				5AD4F9901A05361E0052AA12 /* 1Password.xcassets */,
				5AF34A09198A2EE300DB42C6 /* Supporting Files */,
			);
			path = Forum;
			sourceTree = "<group>";
		};
		5AF34A09198A2EE300DB42C6 /* Supporting Files */ = {
			isa = PBXGroup;
			children = (
				5A09ED1A19C0ACFF00FE963C /* YIInnerShadowLayer.h */,
				5A09ED1B19C0ACFF00FE963C /* YIInnerShadowLayer.m */,
				5A09ED1C19C0ACFF00FE963C /* YIInnerShadowView.h */,
				5A09ED1D19C0ACFF00FE963C /* YIInnerShadowView.m */,
				5A6606AC19A249400025C619 /* detailPlaceholder.jpg */,
				5A6606A919A249400025C619 /* detailPlaceholder@2x.jpg */,
				5A6606AB19A249400025C619 /* listPlaceholder.jpg */,
				5A6606AA19A249400025C619 /* listPlaceholder@2x.jpg */,
				5AF34A0A198A2EE300DB42C6 /* 极速社区-Info.plist */,
				5AF34A0B198A2EE300DB42C6 /* InfoPlist.strings */,
				5AF34A0E198A2EE300DB42C6 /* main.m */,
				5AF34A10198A2EE300DB42C6 /* 极速社区-Prefix.pch */,
			);
			name = "Supporting Files";
			sourceTree = "<group>";
		};
		5AF34A21198A2EE300DB42C6 /* ForumTests */ = {
			isa = PBXGroup;
			children = (
				5AF34A27198A2EE300DB42C6 /* ForumTests.m */,
				5AF34A22198A2EE300DB42C6 /* Supporting Files */,
			);
			path = ForumTests;
			sourceTree = "<group>";
		};
		5AF34A22198A2EE300DB42C6 /* Supporting Files */ = {
			isa = PBXGroup;
			children = (
				5AF34A23198A2EE300DB42C6 /* 极速社区Tests-Info.plist */,
				5AF34A24198A2EE300DB42C6 /* InfoPlist.strings */,
			);
			name = "Supporting Files";
			sourceTree = "<group>";
		};
		A0FFD402C645893DA6DCFDF7 /* Pods */ = {
			isa = PBXGroup;
			children = (
				BA905692A4C08B717483C516 /* Pods.debug.xcconfig */,
				738B503AEB18C23B194E0C49 /* Pods.release.xcconfig */,
			);
			name = Pods;
			sourceTree = "<group>";
		};
/* End PBXGroup section */

/* Begin PBXNativeTarget section */
		5AF349FE198A2EE300DB42C6 /* 极速社区 */ = {
			isa = PBXNativeTarget;
			buildConfigurationList = 5AF34A2B198A2EE300DB42C6 /* Build configuration list for PBXNativeTarget "极速社区" */;
			buildPhases = (
				2C6D53852A9C4A569CF3B58B /* Check Pods Manifest.lock */,
				5AF349FB198A2EE300DB42C6 /* Sources */,
				5AF349FC198A2EE300DB42C6 /* Frameworks */,
				5AF349FD198A2EE300DB42C6 /* Resources */,
				F385EB7FAE1F43AF84D1469E /* Copy Pods Resources */,
			);
			buildRules = (
			);
			dependencies = (
			);
			name = "极速社区";
			productName = Forum;
			productReference = 5AF349FF198A2EE300DB42C6 /* 极速社区.app */;
			productType = "com.apple.product-type.application";
		};
		5AF34A19198A2EE300DB42C6 /* 极速社区Tests */ = {
			isa = PBXNativeTarget;
			buildConfigurationList = 5AF34A2E198A2EE300DB42C6 /* Build configuration list for PBXNativeTarget "极速社区Tests" */;
			buildPhases = (
				5AF34A16198A2EE300DB42C6 /* Sources */,
				5AF34A17198A2EE300DB42C6 /* Frameworks */,
				5AF34A18198A2EE300DB42C6 /* Resources */,
			);
			buildRules = (
			);
			dependencies = (
				5AF34A20198A2EE300DB42C6 /* PBXTargetDependency */,
			);
			name = "极速社区Tests";
			productName = ForumTests;
			productReference = 5AF34A1A198A2EE300DB42C6 /* 极速社区Tests.xctest */;
			productType = "com.apple.product-type.bundle.unit-test";
		};
/* End PBXNativeTarget section */

/* Begin PBXProject section */
		5AF349F7198A2EE300DB42C6 /* Project object */ = {
			isa = PBXProject;
			attributes = {
				LastUpgradeCheck = 0510;
				ORGANIZATIONNAME = "___FULLUSERNAME___";
				TargetAttributes = {
					5AF349FE198A2EE300DB42C6 = {
						DevelopmentTeam = R5M7QB7232;
					};
					5AF34A19198A2EE300DB42C6 = {
						TestTargetID = 5AF349FE198A2EE300DB42C6;
					};
				};
			};
			buildConfigurationList = 5AF349FA198A2EE300DB42C6 /* Build configuration list for PBXProject "极速社区" */;
			compatibilityVersion = "Xcode 3.2";
			developmentRegion = English;
			hasScannedForEncodings = 0;
			knownRegions = (
				en,
			);
			mainGroup = 5AF349F6198A2EE300DB42C6;
			productRefGroup = 5AF34A00198A2EE300DB42C6 /* Products */;
			projectDirPath = "";
			projectRoot = "";
			targets = (
				5AF349FE198A2EE300DB42C6 /* 极速社区 */,
				5AF34A19198A2EE300DB42C6 /* 极速社区Tests */,
			);
		};
/* End PBXProject section */

/* Begin PBXResourcesBuildPhase section */
		5AF349FD198A2EE300DB42C6 /* Resources */ = {
			isa = PBXResourcesBuildPhase;
			buildActionMask = 2147483647;
			files = (
				5A6606AF19A249400025C619 /* listPlaceholder.jpg in Resources */,
				5AF34A0D198A2EE300DB42C6 /* InfoPlist.strings in Resources */,
				5A6606B019A249400025C619 /* detailPlaceholder.jpg in Resources */,
				5AE22B4A19BABFD000828DF1 /* ForumInputViewController.xib in Resources */,
				5A6606AD19A249400025C619 /* detailPlaceholder@2x.jpg in Resources */,
				5AD4F9911A05361E0052AA12 /* 1Password.xcassets in Resources */,
				5A6D714119C14583007F901C /* ForumUserViewController.xib in Resources */,
				5ABEA8AC1991F83400C1CB33 /* ForumDetailItemCell.xib in Resources */,
				5AF34A15198A2EE300DB42C6 /* Images.xcassets in Resources */,
				5AC5DCC3198B86AB001A8FED /* ForumListItemCell.xib in Resources */,
				5AE682EA199B342D00A10ABC /* ForumSectionViewController.xib in Resources */,
				5A6606AE19A249400025C619 /* listPlaceholder@2x.jpg in Resources */,
				5ACED32919AF0E360074546B /* ForumLoadingCell.xib in Resources */,
				5A09ED2119C0AD5C00FE963C /* ForumImgCell.xib in Resources */,
				5AD83F3A19991AA000DEE8D0 /* ForumLoginViewController.xib in Resources */,
			);
			runOnlyForDeploymentPostprocessing = 0;
		};
		5AF34A18198A2EE300DB42C6 /* Resources */ = {
			isa = PBXResourcesBuildPhase;
			buildActionMask = 2147483647;
			files = (
				5AF34A26198A2EE300DB42C6 /* InfoPlist.strings in Resources */,
			);
			runOnlyForDeploymentPostprocessing = 0;
		};
/* End PBXResourcesBuildPhase section */

/* Begin PBXShellScriptBuildPhase section */
		2C6D53852A9C4A569CF3B58B /* Check Pods Manifest.lock */ = {
			isa = PBXShellScriptBuildPhase;
			buildActionMask = 2147483647;
			files = (
			);
			inputPaths = (
			);
			name = "Check Pods Manifest.lock";
			outputPaths = (
			);
			runOnlyForDeploymentPostprocessing = 0;
			shellPath = /bin/sh;
			shellScript = "diff \"${PODS_ROOT}/../Podfile.lock\" \"${PODS_ROOT}/Manifest.lock\" > /dev/null\nif [[ $? != 0 ]] ; then\n    cat << EOM\nerror: The sandbox is not in sync with the Podfile.lock. Run 'pod install' or update your CocoaPods installation.\nEOM\n    exit 1\nfi\n";
			showEnvVarsInLog = 0;
		};
		F385EB7FAE1F43AF84D1469E /* Copy Pods Resources */ = {
			isa = PBXShellScriptBuildPhase;
			buildActionMask = 2147483647;
			files = (
			);
			inputPaths = (
			);
			name = "Copy Pods Resources";
			outputPaths = (
			);
			runOnlyForDeploymentPostprocessing = 0;
			shellPath = /bin/sh;
			shellScript = "\"${SRCROOT}/Pods/Target Support Files/Pods/Pods-resources.sh\"\n";
			showEnvVarsInLog = 0;
		};
/* End PBXShellScriptBuildPhase section */

/* Begin PBXSourcesBuildPhase section */
		5AF349FB198A2EE300DB42C6 /* Sources */ = {
			isa = PBXSourcesBuildPhase;
			buildActionMask = 2147483647;
			files = (
				5AB2FEAF198A351300796563 /* ForumDetailTableViewController.m in Sources */,
				5AE682F0199B4EDC00A10ABC /* ForumInfo.m in Sources */,
				5A6D714719C14DE5007F901C /* UserInfoResponseSerializer.m in Sources */,
				5AEE6B24198B7AA6007DCF9B /* ForumDetailItemStore.m in Sources */,
				5A6D714019C14583007F901C /* ForumUserViewController.m in Sources */,
				5A1FEFA9199D0E7F007A7D95 /* RawResponseSerializer.m in Sources */,
				5ABEA8B31991F85900C1CB33 /* HTMLResponseSerializer.m in Sources */,
				5AE22B4919BABFD000828DF1 /* ForumInputViewController.m in Sources */,
				5AE22B4D19BC203C00828DF1 /* NextTextField.m in Sources */,
				5ABEA8AB1991F83400C1CB33 /* ForumDetailItemCell.m in Sources */,
				5A34A52D199E4FE500FEAA71 /* NSString+MD5.m in Sources */,
				5AF34A34198A2EF900DB42C6 /* ForumListTableViewController.m in Sources */,
				5A09ED1E19C0ACFF00FE963C /* YIInnerShadowLayer.m in Sources */,
				5A40752C19B75AFE008BD573 /* UIMarginLabel.m in Sources */,
				5AF34A13198A2EE300DB42C6 /* AppDelegate.m in Sources */,
				5A6D714419C14AE9007F901C /* ForumUser.m in Sources */,
				5A09ED1F19C0ACFF00FE963C /* YIInnerShadowView.m in Sources */,
				5AE682E9199B342D00A10ABC /* ForumSectionViewController.m in Sources */,
				5AE682E5199A529900A10ABC /* CodeTwoResponseSerializer.m in Sources */,
				5ABEA8B71991FB7100C1CB33 /* PostDetailResponseSerializer.m in Sources */,
				5ACED32819AF0E360074546B /* ForumLoadingCell.m in Sources */,
				5AEE6B21198B7A92007DCF9B /* ForumDetailItem.m in Sources */,
				5AF34A38198A2F3B00DB42C6 /* ForumListItem.m in Sources */,
				5A28989819ACDE21001D4B41 /* NSString+HTML.m in Sources */,
				5AF34A0F198A2EE300DB42C6 /* main.m in Sources */,
				5AC5DCBF198B8683001A8FED /* ForumListItemCell.m in Sources */,
				5AE682E0199A244400A10ABC /* CodeOneResponseSerializer.m in Sources */,
				5A10E4391994B4C200AAB828 /* ForumHTTPClient.m in Sources */,
				5ABEA8B41991F85900C1CB33 /* PostListResponseSerializer.m in Sources */,
				5AF34A3B198A2F9300DB42C6 /* ForumListItemStore.m in Sources */,
				5AD83F3919991AA000DEE8D0 /* ForumLoginViewController.m in Sources */,
				5AE22B5019BCB05300828DF1 /* ReplyToReplyResponseSerializer.m in Sources */,
				5A3B2A8C19B5AE2400BCFBDE /* ForumImgCell.m in Sources */,
			);
			runOnlyForDeploymentPostprocessing = 0;
		};
		5AF34A16198A2EE300DB42C6 /* Sources */ = {
			isa = PBXSourcesBuildPhase;
			buildActionMask = 2147483647;
			files = (
				5AF34A28198A2EE300DB42C6 /* ForumTests.m in Sources */,
			);
			runOnlyForDeploymentPostprocessing = 0;
		};
/* End PBXSourcesBuildPhase section */

/* Begin PBXTargetDependency section */
		5AF34A20198A2EE300DB42C6 /* PBXTargetDependency */ = {
			isa = PBXTargetDependency;
			target = 5AF349FE198A2EE300DB42C6 /* 极速社区 */;
			targetProxy = 5AF34A1F198A2EE300DB42C6 /* PBXContainerItemProxy */;
		};
/* End PBXTargetDependency section */

/* Begin PBXVariantGroup section */
		5AF34A0B198A2EE300DB42C6 /* InfoPlist.strings */ = {
			isa = PBXVariantGroup;
			children = (
				5AF34A0C198A2EE300DB42C6 /* en */,
			);
			name = InfoPlist.strings;
			sourceTree = "<group>";
		};
		5AF34A24198A2EE300DB42C6 /* InfoPlist.strings */ = {
			isa = PBXVariantGroup;
			children = (
				5AF34A25198A2EE300DB42C6 /* en */,
			);
			name = InfoPlist.strings;
			sourceTree = "<group>";
		};
/* End PBXVariantGroup section */

/* Begin XCBuildConfiguration section */
		5AF34A29198A2EE300DB42C6 /* Debug */ = {
			isa = XCBuildConfiguration;
			buildSettings = {
				ALWAYS_SEARCH_USER_PATHS = NO;
				CLANG_CXX_LANGUAGE_STANDARD = "gnu++0x";
				CLANG_CXX_LIBRARY = "libc++";
				CLANG_ENABLE_MODULES = YES;
				CLANG_ENABLE_OBJC_ARC = YES;
				CLANG_WARN_BOOL_CONVERSION = YES;
				CLANG_WARN_CONSTANT_CONVERSION = YES;
				CLANG_WARN_DIRECT_OBJC_ISA_USAGE = YES_ERROR;
				CLANG_WARN_EMPTY_BODY = YES;
				CLANG_WARN_ENUM_CONVERSION = YES;
				CLANG_WARN_INT_CONVERSION = YES;
				CLANG_WARN_OBJC_ROOT_CLASS = YES_ERROR;
				CLANG_WARN__DUPLICATE_METHOD_MATCH = YES;
				CODE_SIGN_IDENTITY = "iPhone Distribution: Di LIU (R5M7QB7232)";
				"CODE_SIGN_IDENTITY[sdk=iphoneos*]" = "iPhone Developer: WEIFENG HOU (NWMC7A6LUV)";
				COPY_PHASE_STRIP = NO;
				GCC_C_LANGUAGE_STANDARD = gnu99;
				GCC_DYNAMIC_NO_PIC = NO;
				GCC_OPTIMIZATION_LEVEL = 0;
				GCC_PREPROCESSOR_DEFINITIONS = (
					"DEBUG=1",
					"$(inherited)",
				);
				GCC_SYMBOLS_PRIVATE_EXTERN = NO;
				GCC_WARN_64_TO_32_BIT_CONVERSION = YES;
				GCC_WARN_ABOUT_RETURN_TYPE = YES_ERROR;
				GCC_WARN_UNDECLARED_SELECTOR = YES;
				GCC_WARN_UNINITIALIZED_AUTOS = YES_AGGRESSIVE;
				GCC_WARN_UNUSED_FUNCTION = YES;
				GCC_WARN_UNUSED_VARIABLE = YES;
				HEADER_SEARCH_PATHS = (
					"$(inherited)",
					/Applications/Xcode.app/Contents/Developer/Toolchains/XcodeDefault.xctoolchain/usr/include,
					"$(SDKROOT)/usr/include/libxml2",
				);
				IPHONEOS_DEPLOYMENT_TARGET = 7.1;
				ONLY_ACTIVE_ARCH = YES;
				SDKROOT = iphoneos;
			};
			name = Debug;
		};
		5AF34A2A198A2EE300DB42C6 /* Release */ = {
			isa = XCBuildConfiguration;
			buildSettings = {
				ALWAYS_SEARCH_USER_PATHS = NO;
				CLANG_CXX_LANGUAGE_STANDARD = "gnu++0x";
				CLANG_CXX_LIBRARY = "libc++";
				CLANG_ENABLE_MODULES = YES;
				CLANG_ENABLE_OBJC_ARC = YES;
				CLANG_WARN_BOOL_CONVERSION = YES;
				CLANG_WARN_CONSTANT_CONVERSION = YES;
				CLANG_WARN_DIRECT_OBJC_ISA_USAGE = YES_ERROR;
				CLANG_WARN_EMPTY_BODY = YES;
				CLANG_WARN_ENUM_CONVERSION = YES;
				CLANG_WARN_INT_CONVERSION = YES;
				CLANG_WARN_OBJC_ROOT_CLASS = YES_ERROR;
				CLANG_WARN__DUPLICATE_METHOD_MATCH = YES;
				CODE_SIGN_IDENTITY = "iPhone Distribution: Di LIU (R5M7QB7232)";
				"CODE_SIGN_IDENTITY[sdk=iphoneos*]" = "iPhone Developer: WEIFENG HOU (NWMC7A6LUV)";
				COPY_PHASE_STRIP = YES;
				ENABLE_NS_ASSERTIONS = NO;
				GCC_C_LANGUAGE_STANDARD = gnu99;
				GCC_WARN_64_TO_32_BIT_CONVERSION = YES;
				GCC_WARN_ABOUT_RETURN_TYPE = YES_ERROR;
				GCC_WARN_UNDECLARED_SELECTOR = YES;
				GCC_WARN_UNINITIALIZED_AUTOS = YES_AGGRESSIVE;
				GCC_WARN_UNUSED_FUNCTION = YES;
				GCC_WARN_UNUSED_VARIABLE = YES;
				HEADER_SEARCH_PATHS = (
					"$(inherited)",
					/Applications/Xcode.app/Contents/Developer/Toolchains/XcodeDefault.xctoolchain/usr/include,
					"$(SDKROOT)/usr/include/libxml2",
				);
				IPHONEOS_DEPLOYMENT_TARGET = 7.1;
				SDKROOT = iphoneos;
				VALIDATE_PRODUCT = YES;
			};
			name = Release;
		};
		5AF34A2C198A2EE300DB42C6 /* Debug */ = {
			isa = XCBuildConfiguration;
			baseConfigurationReference = BA905692A4C08B717483C516 /* Pods.debug.xcconfig */;
			buildSettings = {
				ASSETCATALOG_COMPILER_APPICON_NAME = AppIcon;
				ASSETCATALOG_COMPILER_LAUNCHIMAGE_NAME = LaunchImage;
				CODE_SIGN_IDENTITY = "iPhone Developer";
				"CODE_SIGN_IDENTITY[sdk=iphoneos*]" = "iPhone Developer";
				GCC_PRECOMPILE_PREFIX_HEADER = YES;
				GCC_PREFIX_HEADER = "Forum/极速社区-Prefix.pch";
				INFOPLIST_FILE = "Forum/极速社区-Info.plist";
				IPHONEOS_DEPLOYMENT_TARGET = 7.0;
				PRODUCT_NAME = "极速社区";
				PROVISIONING_PROFILE = "";
				WRAPPER_EXTENSION = app;
			};
			name = Debug;
		};
		5AF34A2D198A2EE300DB42C6 /* Release */ = {
			isa = XCBuildConfiguration;
			baseConfigurationReference = 738B503AEB18C23B194E0C49 /* Pods.release.xcconfig */;
			buildSettings = {
				ASSETCATALOG_COMPILER_APPICON_NAME = AppIcon;
				ASSETCATALOG_COMPILER_LAUNCHIMAGE_NAME = LaunchImage;
				CODE_SIGN_IDENTITY = "iPhone Developer";
				"CODE_SIGN_IDENTITY[sdk=iphoneos*]" = "iPhone Developer";
				GCC_PRECOMPILE_PREFIX_HEADER = YES;
				GCC_PREFIX_HEADER = "Forum/极速社区-Prefix.pch";
				INFOPLIST_FILE = "Forum/极速社区-Info.plist";
				IPHONEOS_DEPLOYMENT_TARGET = 7.0;
				PRODUCT_NAME = "极速社区";
				PROVISIONING_PROFILE = "";
				WRAPPER_EXTENSION = app;
			};
			name = Release;
		};
		5AF34A2F198A2EE300DB42C6 /* Debug */ = {
			isa = XCBuildConfiguration;
			buildSettings = {
				BUNDLE_LOADER = "$(BUILT_PRODUCTS_DIR)/Forum.app/Forum";
				FRAMEWORK_SEARCH_PATHS = (
					"$(SDKROOT)/Developer/Library/Frameworks",
					"$(inherited)",
					"$(DEVELOPER_FRAMEWORKS_DIR)",
				);
				GCC_PRECOMPILE_PREFIX_HEADER = YES;
				GCC_PREFIX_HEADER = "Forum/Forum-Prefix.pch";
				GCC_PREPROCESSOR_DEFINITIONS = (
					"DEBUG=1",
					"$(inherited)",
				);
				INFOPLIST_FILE = "ForumTests/极速社区Tests-Info.plist";
				PRODUCT_NAME = "极速社区Tests";
				TEST_HOST = "$(BUNDLE_LOADER)";
				WRAPPER_EXTENSION = xctest;
			};
			name = Debug;
		};
		5AF34A30198A2EE300DB42C6 /* Release */ = {
			isa = XCBuildConfiguration;
			buildSettings = {
				BUNDLE_LOADER = "$(BUILT_PRODUCTS_DIR)/Forum.app/Forum";
				FRAMEWORK_SEARCH_PATHS = (
					"$(SDKROOT)/Developer/Library/Frameworks",
					"$(inherited)",
					"$(DEVELOPER_FRAMEWORKS_DIR)",
				);
				GCC_PRECOMPILE_PREFIX_HEADER = YES;
				GCC_PREFIX_HEADER = "Forum/Forum-Prefix.pch";
				INFOPLIST_FILE = "ForumTests/极速社区Tests-Info.plist";
				PRODUCT_NAME = "极速社区Tests";
				TEST_HOST = "$(BUNDLE_LOADER)";
				WRAPPER_EXTENSION = xctest;
			};
			name = Release;
		};
/* End XCBuildConfiguration section */

/* Begin XCConfigurationList section */
		5AF349FA198A2EE300DB42C6 /* Build configuration list for PBXProject "极速社区" */ = {
			isa = XCConfigurationList;
			buildConfigurations = (
				5AF34A29198A2EE300DB42C6 /* Debug */,
				5AF34A2A198A2EE300DB42C6 /* Release */,
			);
			defaultConfigurationIsVisible = 0;
			defaultConfigurationName = Release;
		};
		5AF34A2B198A2EE300DB42C6 /* Build configuration list for PBXNativeTarget "极速社区" */ = {
			isa = XCConfigurationList;
			buildConfigurations = (
				5AF34A2C198A2EE300DB42C6 /* Debug */,
				5AF34A2D198A2EE300DB42C6 /* Release */,
			);
			defaultConfigurationIsVisible = 0;
			defaultConfigurationName = Release;
		};
		5AF34A2E198A2EE300DB42C6 /* Build configuration list for PBXNativeTarget "极速社区Tests" */ = {
			isa = XCConfigurationList;
			buildConfigurations = (
				5AF34A2F198A2EE300DB42C6 /* Debug */,
				5AF34A30198A2EE300DB42C6 /* Release */,
			);
			defaultConfigurationIsVisible = 0;
			defaultConfigurationName = Release;
		};
/* End XCConfigurationList section */
	};
	rootObject = 5AF349F7198A2EE300DB42C6 /* Project object */;
}
